// !$*UTF8*$!
{
	archiveVersion = 1;
	classes = {
	};
	objectVersion = 51;
	objects = {

/* Begin PBXBuildFile section */
		4217E4E623FD47DA00D8779A /* Fonts in Resources */ = {isa = PBXBuildFile; fileRef = 4217E4E523FD47DA00D8779A /* Fonts */; };
		422158D4234BCE830011DA67 /* level_theme1.atlas in Resources */ = {isa = PBXBuildFile; fileRef = 422158D3234BCE830011DA67 /* level_theme1.atlas */; };
		422158D6234BCE8A0011DA67 /* level_theme2.atlas in Resources */ = {isa = PBXBuildFile; fileRef = 422158D5234BCE8A0011DA67 /* level_theme2.atlas */; };
		4221EFDC2332F0F00026A8A0 /* SnakeBody.swift in Sources */ = {isa = PBXBuildFile; fileRef = 4221EFDB2332F0F00026A8A0 /* SnakeBody.swift */; };
		422423B4233CE40A0006D02D /* SnakeCollisionDetector.swift in Sources */ = {isa = PBXBuildFile; fileRef = 422423B3233CE40A0006D02D /* SnakeCollisionDetector.swift */; };
		422423B6233D46F30006D02D /* SnakeGameState.swift in Sources */ = {isa = PBXBuildFile; fileRef = 422423B5233D46F30006D02D /* SnakeGameState.swift */; };
		422423B8233D71E80006D02D /* SnakeFoodGenerator.swift in Sources */ = {isa = PBXBuildFile; fileRef = 422423B7233D71E80006D02D /* SnakeFoodGenerator.swift */; };
		422423BA233D9A590006D02D /* SnakeGameState+Create.swift in Sources */ = {isa = PBXBuildFile; fileRef = 422423B9233D9A590006D02D /* SnakeGameState+Create.swift */; };
		422423BC233D9ABD0006D02D /* SnakeGameExecuter.swift in Sources */ = {isa = PBXBuildFile; fileRef = 422423BB233D9ABD0006D02D /* SnakeGameExecuter.swift */; };
		422423BE233D9B760006D02D /* SnakeGameHeadless.swift in Sources */ = {isa = PBXBuildFile; fileRef = 422423BD233D9B760006D02D /* SnakeGameHeadless.swift */; };
		4228915223341CCC00273A0F /* MeasureTurnCount.swift in Sources */ = {isa = PBXBuildFile; fileRef = 4228915123341CCC00273A0F /* MeasureTurnCount.swift */; };
		4228915423341D2100273A0F /* T1006_MeasureTurnCount.swift in Sources */ = {isa = PBXBuildFile; fileRef = 4228915323341D2100273A0F /* T1006_MeasureTurnCount.swift */; };
		422B903B23C7BED100A478A7 /* SKScene+BecomeFirstResponder.swift in Sources */ = {isa = PBXBuildFile; fileRef = 422B903A23C7BED100A478A7 /* SKScene+BecomeFirstResponder.swift */; };
		423494FC234D151D009C0030 /* SnakeLevelSelectorScene.swift in Sources */ = {isa = PBXBuildFile; fileRef = 423494FB234D151D009C0030 /* SnakeLevelSelectorScene.swift */; };
		423C4F54240C4B5B00786F49 /* Logging.swift in Sources */ = {isa = PBXBuildFile; fileRef = 423C4F52240C4B5B00786F49 /* Logging.swift */; };
		423C4F55240C4B5B00786F49 /* OSLogDestination.swift in Sources */ = {isa = PBXBuildFile; fileRef = 423C4F53240C4B5B00786F49 /* OSLogDestination.swift */; };
		4246C441235BB07E00324965 /* PlayerMenu.swift in Sources */ = {isa = PBXBuildFile; fileRef = 4246C440235BB07E00324965 /* PlayerMenu.swift */; };
		4253C53F23359FB000210611 /* SnakeLevels.bundle in Resources */ = {isa = PBXBuildFile; fileRef = 4253C53E23359FB000210611 /* SnakeLevels.bundle */; };
		4253C5412335A9D100210611 /* SnakeLevel+Load.swift in Sources */ = {isa = PBXBuildFile; fileRef = 4253C5402335A9D100210611 /* SnakeLevel+Load.swift */; };
		4253C5432336349800210611 /* UIntVec2.swift in Sources */ = {isa = PBXBuildFile; fileRef = 4253C5422336349800210611 /* UIntVec2.swift */; };
		4253C5462336350100210611 /* T1002_UIntVec2.swift in Sources */ = {isa = PBXBuildFile; fileRef = 4253C5442336350100210611 /* T1002_UIntVec2.swift */; };
		4253C5472336350100210611 /* T1100_SeededGenerator.swift in Sources */ = {isa = PBXBuildFile; fileRef = 4253C5452336350100210611 /* T1100_SeededGenerator.swift */; };
		4255C9EF232F703E00A230AF /* SnakeGame.framework in Frameworks */ = {isa = PBXBuildFile; fileRef = 4255C9E5232F703E00A230AF /* SnakeGame.framework */; };
		4255CA01232F70F800A230AF /* remap.swift in Sources */ = {isa = PBXBuildFile; fileRef = 4255C9FF232F70F800A230AF /* remap.swift */; };
		4255CA02232F70F800A230AF /* sigmoid.swift in Sources */ = {isa = PBXBuildFile; fileRef = 4255CA00232F70F800A230AF /* sigmoid.swift */; };
		4255CA04232F76F400A230AF /* T1000_Sigmoid.swift in Sources */ = {isa = PBXBuildFile; fileRef = 4255CA03232F76F400A230AF /* T1000_Sigmoid.swift */; };
		4255CA0E232F8A2100A230AF /* AppDelegate.swift in Sources */ = {isa = PBXBuildFile; fileRef = 4255CA0D232F8A2100A230AF /* AppDelegate.swift */; };
		4255CA12232F8A2100A230AF /* Actions.sks in Resources */ = {isa = PBXBuildFile; fileRef = 4255CA11232F8A2100A230AF /* Actions.sks */; };
		4255CA14232F8A2100A230AF /* SnakeGameScene.swift in Sources */ = {isa = PBXBuildFile; fileRef = 4255CA13232F8A2100A230AF /* SnakeGameScene.swift */; };
		4255CA18232F8A2300A230AF /* Assets.xcassets in Resources */ = {isa = PBXBuildFile; fileRef = 4255CA17232F8A2300A230AF /* Assets.xcassets */; };
		4255CA1B232F8A2300A230AF /* Main.storyboard in Resources */ = {isa = PBXBuildFile; fileRef = 4255CA19232F8A2300A230AF /* Main.storyboard */; };
		4255CA24232FD2D700A230AF /* T1001_IntVec2.swift in Sources */ = {isa = PBXBuildFile; fileRef = 4255CA23232FD2D700A230AF /* T1001_IntVec2.swift */; };
		4255CA26232FD31900A230AF /* IntVec2.swift in Sources */ = {isa = PBXBuildFile; fileRef = 4255CA25232FD31900A230AF /* IntVec2.swift */; };
		4255CA2A233180B500A230AF /* SeededGenerator.swift in Sources */ = {isa = PBXBuildFile; fileRef = 4255CA29233180B500A230AF /* SeededGenerator.swift */; };
		4255CA2E2331810100A230AF /* SnakeGame.framework in Frameworks */ = {isa = PBXBuildFile; fileRef = 4255C9E5232F703E00A230AF /* SnakeGame.framework */; };
		426891F9233267E900B97E29 /* AdjacencyListGraph.swift in Sources */ = {isa = PBXBuildFile; fileRef = 426891F1233267E900B97E29 /* AdjacencyListGraph.swift */; };
		426891FA233267E900B97E29 /* Edge.swift in Sources */ = {isa = PBXBuildFile; fileRef = 426891F2233267E900B97E29 /* Edge.swift */; };
		426891FB233267E900B97E29 /* AdjacencyMatrixGraph.swift in Sources */ = {isa = PBXBuildFile; fileRef = 426891F3233267E900B97E29 /* AdjacencyMatrixGraph.swift */; };
		426891FC233267E900B97E29 /* Graph.swift in Sources */ = {isa = PBXBuildFile; fileRef = 426891F4233267E900B97E29 /* Graph.swift */; };
		426891FD233267E900B97E29 /* Vertex.swift in Sources */ = {isa = PBXBuildFile; fileRef = 426891F5233267E900B97E29 /* Vertex.swift */; };
		426891FE233267E900B97E29 /* SSSP.swift in Sources */ = {isa = PBXBuildFile; fileRef = 426891F7233267E900B97E29 /* SSSP.swift */; };
		426891FF233267E900B97E29 /* BellmanFord.swift in Sources */ = {isa = PBXBuildFile; fileRef = 426891F8233267E900B97E29 /* BellmanFord.swift */; };
		426892032332682100B97E29 /* GraphTests.swift in Sources */ = {isa = PBXBuildFile; fileRef = 426892012332682100B97E29 /* GraphTests.swift */; };
		426892042332682100B97E29 /* SSSPTests.swift in Sources */ = {isa = PBXBuildFile; fileRef = 426892022332682100B97E29 /* SSSPTests.swift */; };
		42822A23239817CA00DA4461 /* SnakeBot6.swift in Sources */ = {isa = PBXBuildFile; fileRef = 42822A22239817CA00DA4461 /* SnakeBot6.swift */; };
		4285BC0D234BB4FE00FBE99E /* snakeskin_simple.atlas in Resources */ = {isa = PBXBuildFile; fileRef = 4285BC0A234BB4FE00FBE99E /* snakeskin_simple.atlas */; };
		4285BC0E234BB4FE00FBE99E /* snakeskin_green.atlas in Resources */ = {isa = PBXBuildFile; fileRef = 4285BC0B234BB4FE00FBE99E /* snakeskin_green.atlas */; };
		4285BC0F234BB4FE00FBE99E /* snakeskin_blue.atlas in Resources */ = {isa = PBXBuildFile; fileRef = 4285BC0C234BB4FE00FBE99E /* snakeskin_blue.atlas */; };
		429122BF23520D3000B3E32A /* SnakeBot1.swift in Sources */ = {isa = PBXBuildFile; fileRef = 429122BE23520D3000B3E32A /* SnakeBot1.swift */; };
		4294DA3F233EF09900AA58CD /* SKSpriteNode+Pulse.swift in Sources */ = {isa = PBXBuildFile; fileRef = 4294DA3E233EF09800AA58CD /* SKSpriteNode+Pulse.swift */; };
		4294DA41233EF33200AA58CD /* Explosion.sks in Resources */ = {isa = PBXBuildFile; fileRef = 4294DA40233EF33200AA58CD /* Explosion.sks */; };
		4294DA43233FA3AF00AA58CD /* SKScene+Explode.swift in Sources */ = {isa = PBXBuildFile; fileRef = 4294DA42233FA3AF00AA58CD /* SKScene+Explode.swift */; };
		4294DA48233FC05200AA58CD /* snake_eats.wav in Resources */ = {isa = PBXBuildFile; fileRef = 4294DA46233FC05100AA58CD /* snake_eats.wav */; };
		4294DA49233FC05200AA58CD /* snake_dies.wav in Resources */ = {isa = PBXBuildFile; fileRef = 4294DA47233FC05100AA58CD /* snake_dies.wav */; };
		4294DA4B233FC96300AA58CD /* snake_step.wav in Resources */ = {isa = PBXBuildFile; fileRef = 4294DA4A233FC96300AA58CD /* snake_step.wav */; };
		4294DA512341377900AA58CD /* SnakeGameNode.swift in Sources */ = {isa = PBXBuildFile; fileRef = 4294DA502341377900AA58CD /* SnakeGameNode.swift */; };
		42967E46234FBF3C0098A79D /* SnakeUserInput.swift in Sources */ = {isa = PBXBuildFile; fileRef = 42967E45234FBF3C0098A79D /* SnakeUserInput.swift */; };
		429CD0D12348F93E00098E68 /* NSUserDefaultsController+Settings.swift in Sources */ = {isa = PBXBuildFile; fileRef = 429CD0D02348F93E00098E68 /* NSUserDefaultsController+Settings.swift */; };
		429CD0D523495DF300098E68 /* AppConstant.swift in Sources */ = {isa = PBXBuildFile; fileRef = 429CD0D423495DF300098E68 /* AppConstant.swift */; };
		429D336623FAF46E00EF9B37 /* StuckSnakeDetector.swift in Sources */ = {isa = PBXBuildFile; fileRef = 429D336523FAF46E00EF9B37 /* StuckSnakeDetector.swift */; };
		429D336823FB056300EF9B37 /* T3100_StuckSnakeDetector.swift in Sources */ = {isa = PBXBuildFile; fileRef = 429D336723FB056300EF9B37 /* T3100_StuckSnakeDetector.swift */; };
		42A8B6FC2331B3CC00E618CF /* SnakeFifo.swift in Sources */ = {isa = PBXBuildFile; fileRef = 42A8B6FB2331B3CC00E618CF /* SnakeFifo.swift */; };
		42A8B6FE2331B4AE00E618CF /* SnakeHead.swift in Sources */ = {isa = PBXBuildFile; fileRef = 42A8B6FD2331B4AE00E618CF /* SnakeHead.swift */; };
		42A93BF823FC1E1800A15FD2 /* MyContentView.swift in Sources */ = {isa = PBXBuildFile; fileRef = 42A93BF723FC1E1800A15FD2 /* MyContentView.swift */; };
		42B96D952347EE000073CAAA /* SnakeLevelSelectorNode.swift in Sources */ = {isa = PBXBuildFile; fileRef = 42B96D942347EE000073CAAA /* SnakeLevelSelectorNode.swift */; };
		42C236EB2332F4BB00241639 /* T2000_SnakeBody.swift in Sources */ = {isa = PBXBuildFile; fileRef = 42C236EA2332F4BB00241639 /* T2000_SnakeBody.swift */; };
		42C236ED2333033700241639 /* MeasureAreaSize.swift in Sources */ = {isa = PBXBuildFile; fileRef = 42C236EC2333033700241639 /* MeasureAreaSize.swift */; };
		42C31822237F27AF00468D1F /* Array2.swift in Sources */ = {isa = PBXBuildFile; fileRef = 42C31821237F27AF00468D1F /* Array2.swift */; };
		42C31824237F294E00468D1F /* T1003_Array2.swift in Sources */ = {isa = PBXBuildFile; fileRef = 42C31823237F294E00468D1F /* T1003_Array2.swift */; };
		42C3182A2384117500468D1F /* SnakeBot_MoveForward.swift in Sources */ = {isa = PBXBuildFile; fileRef = 42C318292384117500468D1F /* SnakeBot_MoveForward.swift */; };
		42C3182D2386FBDC00468D1F /* SnakeBot5.swift in Sources */ = {isa = PBXBuildFile; fileRef = 42C3182C2386FBDC00468D1F /* SnakeBot5.swift */; };
		42C3182F2388839100468D1F /* SnakeLevelDistanceMap.swift in Sources */ = {isa = PBXBuildFile; fileRef = 42C3182E2388839100468D1F /* SnakeLevelDistanceMap.swift */; };
		42C5566823ABE7E70001DBD8 /* NSEvent+KeyCode.swift in Sources */ = {isa = PBXBuildFile; fileRef = 42C5566723ABE7E70001DBD8 /* NSEvent+KeyCode.swift */; };
		42C6512F23F5A2FD00B2669E /* T1007_SnakeFifo.swift in Sources */ = {isa = PBXBuildFile; fileRef = 42C6512E23F5A2FD00B2669E /* T1007_SnakeFifo.swift */; };
		42CC22C72336EFF200CF3D96 /* SnakeBodyNode.swift in Sources */ = {isa = PBXBuildFile; fileRef = 42CC22C62336EFF200CF3D96 /* SnakeBodyNode.swift */; };
		42CC22C92337C28500CF3D96 /* SnakeWallNode.swift in Sources */ = {isa = PBXBuildFile; fileRef = 42CC22C82337C28500CF3D96 /* SnakeWallNode.swift */; };
		42CC22CB23397D1300CF3D96 /* SnakePlayer.swift in Sources */ = {isa = PBXBuildFile; fileRef = 42CC22CA23397D1300CF3D96 /* SnakePlayer.swift */; };
		42CC22CD23397D9700CF3D96 /* SnakeBot.swift in Sources */ = {isa = PBXBuildFile; fileRef = 42CC22CC23397D9700CF3D96 /* SnakeBot.swift */; };
		42CCD60923BD54F70021CBE7 /* T3001_SnakeLevel_Cluster.swift in Sources */ = {isa = PBXBuildFile; fileRef = 42CCD60823BD54F70021CBE7 /* T3001_SnakeLevel_Cluster.swift */; };
		42CCD60B23BD5DF40021CBE7 /* SnakeLevel_Cluster.swift in Sources */ = {isa = PBXBuildFile; fileRef = 42CCD60A23BD5DF40021CBE7 /* SnakeLevel_Cluster.swift */; };
		42CCD60D23BE62CE0021CBE7 /* SnakeLevelBuilder.swift in Sources */ = {isa = PBXBuildFile; fileRef = 42CCD60C23BE62CE0021CBE7 /* SnakeLevelBuilder.swift */; };
		42CCD60F23BE65EA0021CBE7 /* T1004_BoundingBox.swift in Sources */ = {isa = PBXBuildFile; fileRef = 42CCD60E23BE65EA0021CBE7 /* T1004_BoundingBox.swift */; };
		42CCD61123BE65FD0021CBE7 /* BoundingBox.swift in Sources */ = {isa = PBXBuildFile; fileRef = 42CCD61023BE65FD0021CBE7 /* BoundingBox.swift */; };
		42CCD61323BEB04B0021CBE7 /* Data+SHA1.swift in Sources */ = {isa = PBXBuildFile; fileRef = 42CCD61223BEB04B0021CBE7 /* Data+SHA1.swift */; };
		42CCD61523BEB0C50021CBE7 /* T1005_DataSHA1.swift in Sources */ = {isa = PBXBuildFile; fileRef = 42CCD61423BEB0C50021CBE7 /* T1005_DataSHA1.swift */; };
		42CCD61623BEE0CC0021CBE7 /* SnakeLevelCacheModel.proto in Sources */ = {isa = PBXBuildFile; fileRef = 42ECBCC42373608600758303 /* SnakeLevelCacheModel.proto */; };
		42CCD61823C1054C0021CBE7 /* SnakeLevelManager.swift in Sources */ = {isa = PBXBuildFile; fileRef = 42CCD61723C1054C0021CBE7 /* SnakeLevelManager.swift */; };
		42CCD61A23C2AA9A0021CBE7 /* T3000_SnakeLevel.swift in Sources */ = {isa = PBXBuildFile; fileRef = 42CCD61923C2AA9A0021CBE7 /* T3000_SnakeLevel.swift */; };
		42CCD61D23C3CF660021CBE7 /* SpriteKitContainer.swift in Sources */ = {isa = PBXBuildFile; fileRef = 42CCD61C23C3CF660021CBE7 /* SpriteKitContainer.swift */; };
		42E042B2233400D3007AC6F9 /* ComputeShortestPath.swift in Sources */ = {isa = PBXBuildFile; fileRef = 42E042B1233400D3007AC6F9 /* ComputeShortestPath.swift */; };
		42E042B4233402CD007AC6F9 /* T1200_ComputeShortestPath.swift in Sources */ = {isa = PBXBuildFile; fileRef = 42E042B3233402CD007AC6F9 /* T1200_ComputeShortestPath.swift */; };
		42E042B623340DEE007AC6F9 /* SnakeLevel.swift in Sources */ = {isa = PBXBuildFile; fileRef = 42E042B523340DEE007AC6F9 /* SnakeLevel.swift */; };
		42EB7BFE23F1FD9D00229CEA /* SnakeGameStateModel.proto in Sources */ = {isa = PBXBuildFile; fileRef = 42EB7BFD23F1FD9D00229CEA /* SnakeGameStateModel.proto */; };
		42EB7C0023F2105000229CEA /* SnakeGameStateModel.pb.swift in Sources */ = {isa = PBXBuildFile; fileRef = 42EB7BFF23F2105000229CEA /* SnakeGameStateModel.pb.swift */; };
		42EB7C0223F283FC00229CEA /* URL+temporaryFile.swift in Sources */ = {isa = PBXBuildFile; fileRef = 42EB7C0123F283FC00229CEA /* URL+temporaryFile.swift */; };
		42EB7C0423F2873B00229CEA /* SnakeGameState+SaveTrainingData.swift in Sources */ = {isa = PBXBuildFile; fileRef = 42EB7C0323F2873B00229CEA /* SnakeGameState+SaveTrainingData.swift */; };
		42ECBCBE236F305600758303 /* SnakeBot4.swift in Sources */ = {isa = PBXBuildFile; fileRef = 42ECBCBD236F305600758303 /* SnakeBot4.swift */; };
		42ECBCC023735BF600758303 /* SnakeLevelCacheModel.pb.swift in Sources */ = {isa = PBXBuildFile; fileRef = 42ECBCBF23735BF500758303 /* SnakeLevelCacheModel.pb.swift */; };
		42ECBCCB237CA50700758303 /* DebugMenu.swift in Sources */ = {isa = PBXBuildFile; fileRef = 42ECBCCA237CA50700758303 /* DebugMenu.swift */; };
		42EFB41923E57E18002B6191 /* SnakeGame.h in Headers */ = {isa = PBXBuildFile; fileRef = 42EFB41823E57E18002B6191 /* SnakeGame.h */; settings = {ATTRIBUTES = (Public, ); }; };
		42F35E6123FD877400A4795B /* PlayerScoreView.swift in Sources */ = {isa = PBXBuildFile; fileRef = 42F35E6023FD877400A4795B /* PlayerScoreView.swift */; };
		42F4538823E5A3AD00B90297 /* IntVec2+CGPoint.swift in Sources */ = {isa = PBXBuildFile; fileRef = 42C3181F237D6E2700468D1F /* IntVec2+CGPoint.swift */; };
		42F4538C23E5B41400B90297 /* SnakeHeadDirection.swift in Sources */ = {isa = PBXBuildFile; fileRef = 42F4538B23E5B41400B90297 /* SnakeHeadDirection.swift */; };
		42FC337223FEAC20004A50E7 /* SnakeGameSKView.swift in Sources */ = {isa = PBXBuildFile; fileRef = 42FC337123FEAC20004A50E7 /* SnakeGameSKView.swift */; };
		538970531674616122658DBA /* Pods_BasePods_AppMac.framework in Frameworks */ = {isa = PBXBuildFile; fileRef = B4766643D46103B8402E69B4 /* Pods_BasePods_AppMac.framework */; };
		80A23E690666DEBEB20BBC41 /* Pods_BasePods_SnakeGame.framework in Frameworks */ = {isa = PBXBuildFile; fileRef = 9358128FC1D23A57135818A1 /* Pods_BasePods_SnakeGame.framework */; };
		8FCF09EC0CECABDC8E2C13F8 /* Pods_BasePods_SnakeGameTests.framework in Frameworks */ = {isa = PBXBuildFile; fileRef = 8FB44FDAE3974C5798FE49F5 /* Pods_BasePods_SnakeGameTests.framework */; };
/* End PBXBuildFile section */

/* Begin PBXContainerItemProxy section */
		4255C9F0232F703E00A230AF /* PBXContainerItemProxy */ = {
			isa = PBXContainerItemProxy;
			containerPortal = 4255C9DC232F703E00A230AF /* Project object */;
			proxyType = 1;
			remoteGlobalIDString = 4255C9E4232F703E00A230AF;
			remoteInfo = NeuralNet4;
		};
		4255CA27232FD62500A230AF /* PBXContainerItemProxy */ = {
			isa = PBXContainerItemProxy;
			containerPortal = 4255C9DC232F703E00A230AF /* Project object */;
			proxyType = 1;
			remoteGlobalIDString = 4255CA0A232F8A2100A230AF;
			remoteInfo = Game;
		};
		4255CA2B233180EE00A230AF /* PBXContainerItemProxy */ = {
			isa = PBXContainerItemProxy;
			containerPortal = 4255C9DC232F703E00A230AF /* Project object */;
			proxyType = 1;
			remoteGlobalIDString = 4255C9E4232F703E00A230AF;
			remoteInfo = NeuralNet4;
		};
/* End PBXContainerItemProxy section */

/* Begin PBXFileReference section */
		35C4C097824F5A32B5434DAE /* Pods-BasePods-AppMac.debug.xcconfig */ = {isa = PBXFileReference; includeInIndex = 1; lastKnownFileType = text.xcconfig; name = "Pods-BasePods-AppMac.debug.xcconfig"; path = "Target Support Files/Pods-BasePods-AppMac/Pods-BasePods-AppMac.debug.xcconfig"; sourceTree = "<group>"; };
		4217E4E523FD47DA00D8779A /* Fonts */ = {isa = PBXFileReference; lastKnownFileType = folder; path = Fonts; sourceTree = "<group>"; };
		422158D3234BCE830011DA67 /* level_theme1.atlas */ = {isa = PBXFileReference; lastKnownFileType = folder.skatlas; path = level_theme1.atlas; sourceTree = "<group>"; };
		422158D5234BCE8A0011DA67 /* level_theme2.atlas */ = {isa = PBXFileReference; lastKnownFileType = folder.skatlas; path = level_theme2.atlas; sourceTree = "<group>"; };
		4221EFDB2332F0F00026A8A0 /* SnakeBody.swift */ = {isa = PBXFileReference; lastKnownFileType = sourcecode.swift; path = SnakeBody.swift; sourceTree = "<group>"; };
		422423B3233CE40A0006D02D /* SnakeCollisionDetector.swift */ = {isa = PBXFileReference; lastKnownFileType = sourcecode.swift; path = SnakeCollisionDetector.swift; sourceTree = "<group>"; };
		422423B5233D46F30006D02D /* SnakeGameState.swift */ = {isa = PBXFileReference; lastKnownFileType = sourcecode.swift; path = SnakeGameState.swift; sourceTree = "<group>"; };
		422423B7233D71E80006D02D /* SnakeFoodGenerator.swift */ = {isa = PBXFileReference; lastKnownFileType = sourcecode.swift; path = SnakeFoodGenerator.swift; sourceTree = "<group>"; };
		422423B9233D9A590006D02D /* SnakeGameState+Create.swift */ = {isa = PBXFileReference; lastKnownFileType = sourcecode.swift; path = "SnakeGameState+Create.swift"; sourceTree = "<group>"; };
		422423BB233D9ABD0006D02D /* SnakeGameExecuter.swift */ = {isa = PBXFileReference; lastKnownFileType = sourcecode.swift; path = SnakeGameExecuter.swift; sourceTree = "<group>"; };
		422423BD233D9B760006D02D /* SnakeGameHeadless.swift */ = {isa = PBXFileReference; lastKnownFileType = sourcecode.swift; path = SnakeGameHeadless.swift; sourceTree = "<group>"; };
		4228915123341CCC00273A0F /* MeasureTurnCount.swift */ = {isa = PBXFileReference; lastKnownFileType = sourcecode.swift; path = MeasureTurnCount.swift; sourceTree = "<group>"; };
		4228915323341D2100273A0F /* T1006_MeasureTurnCount.swift */ = {isa = PBXFileReference; lastKnownFileType = sourcecode.swift; path = T1006_MeasureTurnCount.swift; sourceTree = "<group>"; };
		422B903A23C7BED100A478A7 /* SKScene+BecomeFirstResponder.swift */ = {isa = PBXFileReference; lastKnownFileType = sourcecode.swift; path = "SKScene+BecomeFirstResponder.swift"; sourceTree = "<group>"; };
		423494FB234D151D009C0030 /* SnakeLevelSelectorScene.swift */ = {isa = PBXFileReference; fileEncoding = 4; lastKnownFileType = sourcecode.swift; path = SnakeLevelSelectorScene.swift; sourceTree = "<group>"; };
		423C4F52240C4B5B00786F49 /* Logging.swift */ = {isa = PBXFileReference; fileEncoding = 4; lastKnownFileType = sourcecode.swift; path = Logging.swift; sourceTree = "<group>"; };
		423C4F53240C4B5B00786F49 /* OSLogDestination.swift */ = {isa = PBXFileReference; fileEncoding = 4; lastKnownFileType = sourcecode.swift; path = OSLogDestination.swift; sourceTree = "<group>"; };
		4246C440235BB07E00324965 /* PlayerMenu.swift */ = {isa = PBXFileReference; lastKnownFileType = sourcecode.swift; path = PlayerMenu.swift; sourceTree = "<group>"; };
		4253C53E23359FB000210611 /* SnakeLevels.bundle */ = {isa = PBXFileReference; lastKnownFileType = "wrapper.plug-in"; path = SnakeLevels.bundle; sourceTree = "<group>"; };
		4253C5402335A9D100210611 /* SnakeLevel+Load.swift */ = {isa = PBXFileReference; lastKnownFileType = sourcecode.swift; path = "SnakeLevel+Load.swift"; sourceTree = "<group>"; };
		4253C5422336349800210611 /* UIntVec2.swift */ = {isa = PBXFileReference; fileEncoding = 4; lastKnownFileType = sourcecode.swift; path = UIntVec2.swift; sourceTree = "<group>"; };
		4253C5442336350100210611 /* T1002_UIntVec2.swift */ = {isa = PBXFileReference; fileEncoding = 4; lastKnownFileType = sourcecode.swift; path = T1002_UIntVec2.swift; sourceTree = "<group>"; };
		4253C5452336350100210611 /* T1100_SeededGenerator.swift */ = {isa = PBXFileReference; fileEncoding = 4; lastKnownFileType = sourcecode.swift; path = T1100_SeededGenerator.swift; sourceTree = "<group>"; };
		4255C9E5232F703E00A230AF /* SnakeGame.framework */ = {isa = PBXFileReference; explicitFileType = wrapper.framework; includeInIndex = 0; path = SnakeGame.framework; sourceTree = BUILT_PRODUCTS_DIR; };
		4255C9E9232F703E00A230AF /* Info.plist */ = {isa = PBXFileReference; lastKnownFileType = text.plist.xml; path = Info.plist; sourceTree = "<group>"; };
		4255C9EE232F703E00A230AF /* SnakeGameTests.xctest */ = {isa = PBXFileReference; explicitFileType = wrapper.cfbundle; includeInIndex = 0; path = SnakeGameTests.xctest; sourceTree = BUILT_PRODUCTS_DIR; };
		4255C9F5232F703E00A230AF /* Info.plist */ = {isa = PBXFileReference; lastKnownFileType = text.plist.xml; path = Info.plist; sourceTree = "<group>"; };
		4255C9FF232F70F800A230AF /* remap.swift */ = {isa = PBXFileReference; fileEncoding = 4; lastKnownFileType = sourcecode.swift; path = remap.swift; sourceTree = "<group>"; };
		4255CA00232F70F800A230AF /* sigmoid.swift */ = {isa = PBXFileReference; fileEncoding = 4; lastKnownFileType = sourcecode.swift; path = sigmoid.swift; sourceTree = "<group>"; };
		4255CA03232F76F400A230AF /* T1000_Sigmoid.swift */ = {isa = PBXFileReference; lastKnownFileType = sourcecode.swift; path = T1000_Sigmoid.swift; sourceTree = "<group>"; };
		4255CA0B232F8A2100A230AF /* Snake.app */ = {isa = PBXFileReference; explicitFileType = wrapper.application; includeInIndex = 0; path = Snake.app; sourceTree = BUILT_PRODUCTS_DIR; };
		4255CA0D232F8A2100A230AF /* AppDelegate.swift */ = {isa = PBXFileReference; lastKnownFileType = sourcecode.swift; path = AppDelegate.swift; sourceTree = "<group>"; };
		4255CA11232F8A2100A230AF /* Actions.sks */ = {isa = PBXFileReference; lastKnownFileType = file.sks; path = Actions.sks; sourceTree = "<group>"; };
		4255CA13232F8A2100A230AF /* SnakeGameScene.swift */ = {isa = PBXFileReference; lastKnownFileType = sourcecode.swift; path = SnakeGameScene.swift; sourceTree = "<group>"; };
		4255CA17232F8A2300A230AF /* Assets.xcassets */ = {isa = PBXFileReference; lastKnownFileType = folder.assetcatalog; path = Assets.xcassets; sourceTree = "<group>"; };
		4255CA1A232F8A2300A230AF /* Base */ = {isa = PBXFileReference; lastKnownFileType = file.storyboard; name = Base; path = Base.lproj/Main.storyboard; sourceTree = "<group>"; };
		4255CA1C232F8A2300A230AF /* Info.plist */ = {isa = PBXFileReference; lastKnownFileType = text.plist.xml; path = Info.plist; sourceTree = "<group>"; };
		4255CA1D232F8A2300A230AF /* AppMac.entitlements */ = {isa = PBXFileReference; lastKnownFileType = text.plist.entitlements; path = AppMac.entitlements; sourceTree = "<group>"; };
		4255CA23232FD2D700A230AF /* T1001_IntVec2.swift */ = {isa = PBXFileReference; lastKnownFileType = sourcecode.swift; path = T1001_IntVec2.swift; sourceTree = "<group>"; };
		4255CA25232FD31900A230AF /* IntVec2.swift */ = {isa = PBXFileReference; fileEncoding = 4; lastKnownFileType = sourcecode.swift; path = IntVec2.swift; sourceTree = "<group>"; };
		4255CA29233180B500A230AF /* SeededGenerator.swift */ = {isa = PBXFileReference; lastKnownFileType = sourcecode.swift; path = SeededGenerator.swift; sourceTree = "<group>"; };
		426891F1233267E900B97E29 /* AdjacencyListGraph.swift */ = {isa = PBXFileReference; fileEncoding = 4; lastKnownFileType = sourcecode.swift; path = AdjacencyListGraph.swift; sourceTree = "<group>"; };
		426891F2233267E900B97E29 /* Edge.swift */ = {isa = PBXFileReference; fileEncoding = 4; lastKnownFileType = sourcecode.swift; path = Edge.swift; sourceTree = "<group>"; };
		426891F3233267E900B97E29 /* AdjacencyMatrixGraph.swift */ = {isa = PBXFileReference; fileEncoding = 4; lastKnownFileType = sourcecode.swift; path = AdjacencyMatrixGraph.swift; sourceTree = "<group>"; };
		426891F4233267E900B97E29 /* Graph.swift */ = {isa = PBXFileReference; fileEncoding = 4; lastKnownFileType = sourcecode.swift; path = Graph.swift; sourceTree = "<group>"; };
		426891F5233267E900B97E29 /* Vertex.swift */ = {isa = PBXFileReference; fileEncoding = 4; lastKnownFileType = sourcecode.swift; path = Vertex.swift; sourceTree = "<group>"; };
		426891F7233267E900B97E29 /* SSSP.swift */ = {isa = PBXFileReference; fileEncoding = 4; lastKnownFileType = sourcecode.swift; path = SSSP.swift; sourceTree = "<group>"; };
		426891F8233267E900B97E29 /* BellmanFord.swift */ = {isa = PBXFileReference; fileEncoding = 4; lastKnownFileType = sourcecode.swift; path = BellmanFord.swift; sourceTree = "<group>"; };
		426892012332682100B97E29 /* GraphTests.swift */ = {isa = PBXFileReference; fileEncoding = 4; lastKnownFileType = sourcecode.swift; path = GraphTests.swift; sourceTree = "<group>"; };
		426892022332682100B97E29 /* SSSPTests.swift */ = {isa = PBXFileReference; fileEncoding = 4; lastKnownFileType = sourcecode.swift; path = SSSPTests.swift; sourceTree = "<group>"; };
		42822A22239817CA00DA4461 /* SnakeBot6.swift */ = {isa = PBXFileReference; fileEncoding = 4; lastKnownFileType = sourcecode.swift; path = SnakeBot6.swift; sourceTree = "<group>"; };
		4285BC0A234BB4FE00FBE99E /* snakeskin_simple.atlas */ = {isa = PBXFileReference; lastKnownFileType = folder.skatlas; path = snakeskin_simple.atlas; sourceTree = "<group>"; };
		4285BC0B234BB4FE00FBE99E /* snakeskin_green.atlas */ = {isa = PBXFileReference; lastKnownFileType = folder.skatlas; path = snakeskin_green.atlas; sourceTree = "<group>"; };
		4285BC0C234BB4FE00FBE99E /* snakeskin_blue.atlas */ = {isa = PBXFileReference; lastKnownFileType = folder.skatlas; path = snakeskin_blue.atlas; sourceTree = "<group>"; };
		429122BE23520D3000B3E32A /* SnakeBot1.swift */ = {isa = PBXFileReference; lastKnownFileType = sourcecode.swift; path = SnakeBot1.swift; sourceTree = "<group>"; };
		4294DA3E233EF09800AA58CD /* SKSpriteNode+Pulse.swift */ = {isa = PBXFileReference; lastKnownFileType = sourcecode.swift; path = "SKSpriteNode+Pulse.swift"; sourceTree = "<group>"; };
		4294DA40233EF33200AA58CD /* Explosion.sks */ = {isa = PBXFileReference; lastKnownFileType = file.sks; path = Explosion.sks; sourceTree = "<group>"; };
		4294DA42233FA3AF00AA58CD /* SKScene+Explode.swift */ = {isa = PBXFileReference; lastKnownFileType = sourcecode.swift; path = "SKScene+Explode.swift"; sourceTree = "<group>"; };
		4294DA46233FC05100AA58CD /* snake_eats.wav */ = {isa = PBXFileReference; lastKnownFileType = audio.wav; path = snake_eats.wav; sourceTree = "<group>"; };
		4294DA47233FC05100AA58CD /* snake_dies.wav */ = {isa = PBXFileReference; lastKnownFileType = audio.wav; path = snake_dies.wav; sourceTree = "<group>"; };
		4294DA4A233FC96300AA58CD /* snake_step.wav */ = {isa = PBXFileReference; lastKnownFileType = audio.wav; path = snake_step.wav; sourceTree = "<group>"; };
		4294DA502341377900AA58CD /* SnakeGameNode.swift */ = {isa = PBXFileReference; lastKnownFileType = sourcecode.swift; path = SnakeGameNode.swift; sourceTree = "<group>"; };
		42967E45234FBF3C0098A79D /* SnakeUserInput.swift */ = {isa = PBXFileReference; lastKnownFileType = sourcecode.swift; path = SnakeUserInput.swift; sourceTree = "<group>"; };
		429CD0D02348F93E00098E68 /* NSUserDefaultsController+Settings.swift */ = {isa = PBXFileReference; lastKnownFileType = sourcecode.swift; path = "NSUserDefaultsController+Settings.swift"; sourceTree = "<group>"; };
		429CD0D423495DF300098E68 /* AppConstant.swift */ = {isa = PBXFileReference; lastKnownFileType = sourcecode.swift; path = AppConstant.swift; sourceTree = "<group>"; };
		429D336523FAF46E00EF9B37 /* StuckSnakeDetector.swift */ = {isa = PBXFileReference; lastKnownFileType = sourcecode.swift; path = StuckSnakeDetector.swift; sourceTree = "<group>"; };
		429D336723FB056300EF9B37 /* T3100_StuckSnakeDetector.swift */ = {isa = PBXFileReference; lastKnownFileType = sourcecode.swift; path = T3100_StuckSnakeDetector.swift; sourceTree = "<group>"; };
		42A8B6FB2331B3CC00E618CF /* SnakeFifo.swift */ = {isa = PBXFileReference; lastKnownFileType = sourcecode.swift; path = SnakeFifo.swift; sourceTree = "<group>"; };
		42A8B6FD2331B4AE00E618CF /* SnakeHead.swift */ = {isa = PBXFileReference; lastKnownFileType = sourcecode.swift; path = SnakeHead.swift; sourceTree = "<group>"; };
		42A93BF723FC1E1800A15FD2 /* MyContentView.swift */ = {isa = PBXFileReference; lastKnownFileType = sourcecode.swift; path = MyContentView.swift; sourceTree = "<group>"; };
		42B96D942347EE000073CAAA /* SnakeLevelSelectorNode.swift */ = {isa = PBXFileReference; lastKnownFileType = sourcecode.swift; path = SnakeLevelSelectorNode.swift; sourceTree = "<group>"; };
		42C236EA2332F4BB00241639 /* T2000_SnakeBody.swift */ = {isa = PBXFileReference; lastKnownFileType = sourcecode.swift; path = T2000_SnakeBody.swift; sourceTree = "<group>"; };
		42C236EC2333033700241639 /* MeasureAreaSize.swift */ = {isa = PBXFileReference; lastKnownFileType = sourcecode.swift; path = MeasureAreaSize.swift; sourceTree = "<group>"; };
		42C3181F237D6E2700468D1F /* IntVec2+CGPoint.swift */ = {isa = PBXFileReference; lastKnownFileType = sourcecode.swift; path = "IntVec2+CGPoint.swift"; sourceTree = "<group>"; };
		42C31821237F27AF00468D1F /* Array2.swift */ = {isa = PBXFileReference; lastKnownFileType = sourcecode.swift; path = Array2.swift; sourceTree = "<group>"; };
		42C31823237F294E00468D1F /* T1003_Array2.swift */ = {isa = PBXFileReference; lastKnownFileType = sourcecode.swift; path = T1003_Array2.swift; sourceTree = "<group>"; };
		42C318292384117500468D1F /* SnakeBot_MoveForward.swift */ = {isa = PBXFileReference; fileEncoding = 4; lastKnownFileType = sourcecode.swift; path = SnakeBot_MoveForward.swift; sourceTree = "<group>"; };
		42C3182C2386FBDC00468D1F /* SnakeBot5.swift */ = {isa = PBXFileReference; fileEncoding = 4; lastKnownFileType = sourcecode.swift; path = SnakeBot5.swift; sourceTree = "<group>"; };
		42C3182E2388839100468D1F /* SnakeLevelDistanceMap.swift */ = {isa = PBXFileReference; lastKnownFileType = sourcecode.swift; path = SnakeLevelDistanceMap.swift; sourceTree = "<group>"; };
		42C5566723ABE7E70001DBD8 /* NSEvent+KeyCode.swift */ = {isa = PBXFileReference; lastKnownFileType = sourcecode.swift; path = "NSEvent+KeyCode.swift"; sourceTree = "<group>"; };
		42C6512E23F5A2FD00B2669E /* T1007_SnakeFifo.swift */ = {isa = PBXFileReference; lastKnownFileType = sourcecode.swift; path = T1007_SnakeFifo.swift; sourceTree = "<group>"; };
		42CC22C62336EFF200CF3D96 /* SnakeBodyNode.swift */ = {isa = PBXFileReference; lastKnownFileType = sourcecode.swift; path = SnakeBodyNode.swift; sourceTree = "<group>"; };
		42CC22C82337C28500CF3D96 /* SnakeWallNode.swift */ = {isa = PBXFileReference; lastKnownFileType = sourcecode.swift; path = SnakeWallNode.swift; sourceTree = "<group>"; };
		42CC22CA23397D1300CF3D96 /* SnakePlayer.swift */ = {isa = PBXFileReference; lastKnownFileType = sourcecode.swift; path = SnakePlayer.swift; sourceTree = "<group>"; };
		42CC22CC23397D9700CF3D96 /* SnakeBot.swift */ = {isa = PBXFileReference; lastKnownFileType = sourcecode.swift; path = SnakeBot.swift; sourceTree = "<group>"; };
		42CCD60823BD54F70021CBE7 /* T3001_SnakeLevel_Cluster.swift */ = {isa = PBXFileReference; lastKnownFileType = sourcecode.swift; path = T3001_SnakeLevel_Cluster.swift; sourceTree = "<group>"; };
		42CCD60A23BD5DF40021CBE7 /* SnakeLevel_Cluster.swift */ = {isa = PBXFileReference; lastKnownFileType = sourcecode.swift; path = SnakeLevel_Cluster.swift; sourceTree = "<group>"; };
		42CCD60C23BE62CE0021CBE7 /* SnakeLevelBuilder.swift */ = {isa = PBXFileReference; lastKnownFileType = sourcecode.swift; path = SnakeLevelBuilder.swift; sourceTree = "<group>"; };
		42CCD60E23BE65EA0021CBE7 /* T1004_BoundingBox.swift */ = {isa = PBXFileReference; lastKnownFileType = sourcecode.swift; path = T1004_BoundingBox.swift; sourceTree = "<group>"; };
		42CCD61023BE65FD0021CBE7 /* BoundingBox.swift */ = {isa = PBXFileReference; lastKnownFileType = sourcecode.swift; path = BoundingBox.swift; sourceTree = "<group>"; };
		42CCD61223BEB04B0021CBE7 /* Data+SHA1.swift */ = {isa = PBXFileReference; lastKnownFileType = sourcecode.swift; path = "Data+SHA1.swift"; sourceTree = "<group>"; };
		42CCD61423BEB0C50021CBE7 /* T1005_DataSHA1.swift */ = {isa = PBXFileReference; lastKnownFileType = sourcecode.swift; path = T1005_DataSHA1.swift; sourceTree = "<group>"; };
		42CCD61723C1054C0021CBE7 /* SnakeLevelManager.swift */ = {isa = PBXFileReference; lastKnownFileType = sourcecode.swift; path = SnakeLevelManager.swift; sourceTree = "<group>"; };
		42CCD61923C2AA9A0021CBE7 /* T3000_SnakeLevel.swift */ = {isa = PBXFileReference; lastKnownFileType = sourcecode.swift; path = T3000_SnakeLevel.swift; sourceTree = "<group>"; };
		42CCD61C23C3CF660021CBE7 /* SpriteKitContainer.swift */ = {isa = PBXFileReference; lastKnownFileType = sourcecode.swift; path = SpriteKitContainer.swift; sourceTree = "<group>"; };
		42E042B1233400D3007AC6F9 /* ComputeShortestPath.swift */ = {isa = PBXFileReference; lastKnownFileType = sourcecode.swift; path = ComputeShortestPath.swift; sourceTree = "<group>"; };
		42E042B3233402CD007AC6F9 /* T1200_ComputeShortestPath.swift */ = {isa = PBXFileReference; lastKnownFileType = sourcecode.swift; path = T1200_ComputeShortestPath.swift; sourceTree = "<group>"; };
		42E042B523340DEE007AC6F9 /* SnakeLevel.swift */ = {isa = PBXFileReference; lastKnownFileType = sourcecode.swift; path = SnakeLevel.swift; sourceTree = "<group>"; };
		42EB7BFD23F1FD9D00229CEA /* SnakeGameStateModel.proto */ = {isa = PBXFileReference; lastKnownFileType = sourcecode.protobuf; path = SnakeGameStateModel.proto; sourceTree = "<group>"; };
		42EB7BFF23F2105000229CEA /* SnakeGameStateModel.pb.swift */ = {isa = PBXFileReference; fileEncoding = 4; lastKnownFileType = sourcecode.swift; path = SnakeGameStateModel.pb.swift; sourceTree = "<group>"; };
		42EB7C0123F283FC00229CEA /* URL+temporaryFile.swift */ = {isa = PBXFileReference; lastKnownFileType = sourcecode.swift; path = "URL+temporaryFile.swift"; sourceTree = "<group>"; };
		42EB7C0323F2873B00229CEA /* SnakeGameState+SaveTrainingData.swift */ = {isa = PBXFileReference; lastKnownFileType = sourcecode.swift; path = "SnakeGameState+SaveTrainingData.swift"; sourceTree = "<group>"; };
		42ECBCBD236F305600758303 /* SnakeBot4.swift */ = {isa = PBXFileReference; fileEncoding = 4; lastKnownFileType = sourcecode.swift; path = SnakeBot4.swift; sourceTree = "<group>"; };
		42ECBCBF23735BF500758303 /* SnakeLevelCacheModel.pb.swift */ = {isa = PBXFileReference; fileEncoding = 4; lastKnownFileType = sourcecode.swift; path = SnakeLevelCacheModel.pb.swift; sourceTree = "<group>"; };
		42ECBCC42373608600758303 /* SnakeLevelCacheModel.proto */ = {isa = PBXFileReference; lastKnownFileType = sourcecode.protobuf; path = SnakeLevelCacheModel.proto; sourceTree = "<group>"; };
		42ECBCCA237CA50700758303 /* DebugMenu.swift */ = {isa = PBXFileReference; lastKnownFileType = sourcecode.swift; path = DebugMenu.swift; sourceTree = "<group>"; };
		42EFB41823E57E18002B6191 /* SnakeGame.h */ = {isa = PBXFileReference; fileEncoding = 4; lastKnownFileType = sourcecode.c.h; path = SnakeGame.h; sourceTree = "<group>"; };
		42F35E6023FD877400A4795B /* PlayerScoreView.swift */ = {isa = PBXFileReference; lastKnownFileType = sourcecode.swift; path = PlayerScoreView.swift; sourceTree = "<group>"; };
		42F4538B23E5B41400B90297 /* SnakeHeadDirection.swift */ = {isa = PBXFileReference; lastKnownFileType = sourcecode.swift; path = SnakeHeadDirection.swift; sourceTree = "<group>"; };
		42FC337123FEAC20004A50E7 /* SnakeGameSKView.swift */ = {isa = PBXFileReference; fileEncoding = 4; lastKnownFileType = sourcecode.swift; path = SnakeGameSKView.swift; sourceTree = "<group>"; };
		52109A9E363C770400D95B42 /* Pods-BasePods-SnakeGameTests.release.xcconfig */ = {isa = PBXFileReference; includeInIndex = 1; lastKnownFileType = text.xcconfig; name = "Pods-BasePods-SnakeGameTests.release.xcconfig"; path = "Target Support Files/Pods-BasePods-SnakeGameTests/Pods-BasePods-SnakeGameTests.release.xcconfig"; sourceTree = "<group>"; };
		8AF26EB06CC2C2212A22833A /* Pods-BasePods-SnakeGameTests.debug.xcconfig */ = {isa = PBXFileReference; includeInIndex = 1; lastKnownFileType = text.xcconfig; name = "Pods-BasePods-SnakeGameTests.debug.xcconfig"; path = "Target Support Files/Pods-BasePods-SnakeGameTests/Pods-BasePods-SnakeGameTests.debug.xcconfig"; sourceTree = "<group>"; };
		8FB44FDAE3974C5798FE49F5 /* Pods_BasePods_SnakeGameTests.framework */ = {isa = PBXFileReference; explicitFileType = wrapper.framework; includeInIndex = 0; path = Pods_BasePods_SnakeGameTests.framework; sourceTree = BUILT_PRODUCTS_DIR; };
		9358128FC1D23A57135818A1 /* Pods_BasePods_SnakeGame.framework */ = {isa = PBXFileReference; explicitFileType = wrapper.framework; includeInIndex = 0; path = Pods_BasePods_SnakeGame.framework; sourceTree = BUILT_PRODUCTS_DIR; };
		9EC295C3AED460279791ACB7 /* Pods-BasePods-AppMac.release.xcconfig */ = {isa = PBXFileReference; includeInIndex = 1; lastKnownFileType = text.xcconfig; name = "Pods-BasePods-AppMac.release.xcconfig"; path = "Target Support Files/Pods-BasePods-AppMac/Pods-BasePods-AppMac.release.xcconfig"; sourceTree = "<group>"; };
		B4766643D46103B8402E69B4 /* Pods_BasePods_AppMac.framework */ = {isa = PBXFileReference; explicitFileType = wrapper.framework; includeInIndex = 0; path = Pods_BasePods_AppMac.framework; sourceTree = BUILT_PRODUCTS_DIR; };
		D8979D627100CC49DFE3B335 /* Pods-BasePods-SnakeGame.release.xcconfig */ = {isa = PBXFileReference; includeInIndex = 1; lastKnownFileType = text.xcconfig; name = "Pods-BasePods-SnakeGame.release.xcconfig"; path = "Target Support Files/Pods-BasePods-SnakeGame/Pods-BasePods-SnakeGame.release.xcconfig"; sourceTree = "<group>"; };
		E23F4E283B4E8893064CA145 /* Pods-BasePods-SnakeGame.debug.xcconfig */ = {isa = PBXFileReference; includeInIndex = 1; lastKnownFileType = text.xcconfig; name = "Pods-BasePods-SnakeGame.debug.xcconfig"; path = "Target Support Files/Pods-BasePods-SnakeGame/Pods-BasePods-SnakeGame.debug.xcconfig"; sourceTree = "<group>"; };
/* End PBXFileReference section */

/* Begin PBXFrameworksBuildPhase section */
		4255C9E2232F703E00A230AF /* Frameworks */ = {
			isa = PBXFrameworksBuildPhase;
			buildActionMask = 2147483647;
			files = (
				80A23E690666DEBEB20BBC41 /* Pods_BasePods_SnakeGame.framework in Frameworks */,
			);
			runOnlyForDeploymentPostprocessing = 0;
		};
		4255C9EB232F703E00A230AF /* Frameworks */ = {
			isa = PBXFrameworksBuildPhase;
			buildActionMask = 2147483647;
			files = (
				4255C9EF232F703E00A230AF /* SnakeGame.framework in Frameworks */,
				8FCF09EC0CECABDC8E2C13F8 /* Pods_BasePods_SnakeGameTests.framework in Frameworks */,
			);
			runOnlyForDeploymentPostprocessing = 0;
		};
		4255CA08232F8A2100A230AF /* Frameworks */ = {
			isa = PBXFrameworksBuildPhase;
			buildActionMask = 2147483647;
			files = (
				4255CA2E2331810100A230AF /* SnakeGame.framework in Frameworks */,
				538970531674616122658DBA /* Pods_BasePods_AppMac.framework in Frameworks */,
			);
			runOnlyForDeploymentPostprocessing = 0;
		};
/* End PBXFrameworksBuildPhase section */

/* Begin PBXGroup section */
		422423BF233E79090006D02D /* Snake */ = {
			isa = PBXGroup;
			children = (
				4221EFDB2332F0F00026A8A0 /* SnakeBody.swift */,
				422423B3233CE40A0006D02D /* SnakeCollisionDetector.swift */,
				42A8B6FB2331B3CC00E618CF /* SnakeFifo.swift */,
				422423B7233D71E80006D02D /* SnakeFoodGenerator.swift */,
				422423BB233D9ABD0006D02D /* SnakeGameExecuter.swift */,
				422423BD233D9B760006D02D /* SnakeGameHeadless.swift */,
				422423B5233D46F30006D02D /* SnakeGameState.swift */,
				422423B9233D9A590006D02D /* SnakeGameState+Create.swift */,
				42EB7C0323F2873B00229CEA /* SnakeGameState+SaveTrainingData.swift */,
				42EB7BFF23F2105000229CEA /* SnakeGameStateModel.pb.swift */,
				42EB7BFD23F1FD9D00229CEA /* SnakeGameStateModel.proto */,
				42A8B6FD2331B4AE00E618CF /* SnakeHead.swift */,
				42F4538B23E5B41400B90297 /* SnakeHeadDirection.swift */,
				42CC22CA23397D1300CF3D96 /* SnakePlayer.swift */,
				429D336523FAF46E00EF9B37 /* StuckSnakeDetector.swift */,
			);
			path = Snake;
			sourceTree = "<group>";
		};
		422423C0233E79240006D02D /* Common */ = {
			isa = PBXGroup;
			children = (
				42C31821237F27AF00468D1F /* Array2.swift */,
				42CCD61023BE65FD0021CBE7 /* BoundingBox.swift */,
				42E042B1233400D3007AC6F9 /* ComputeShortestPath.swift */,
				42CCD61223BEB04B0021CBE7 /* Data+SHA1.swift */,
				4255CA25232FD31900A230AF /* IntVec2.swift */,
				42C3181F237D6E2700468D1F /* IntVec2+CGPoint.swift */,
				423C4F52240C4B5B00786F49 /* Logging.swift */,
				42C236EC2333033700241639 /* MeasureAreaSize.swift */,
				4228915123341CCC00273A0F /* MeasureTurnCount.swift */,
				423C4F53240C4B5B00786F49 /* OSLogDestination.swift */,
				4255C9FF232F70F800A230AF /* remap.swift */,
				4255CA29233180B500A230AF /* SeededGenerator.swift */,
				4255CA00232F70F800A230AF /* sigmoid.swift */,
				426891EF233267E900B97E29 /* swift-algorithm-club */,
				4253C5422336349800210611 /* UIntVec2.swift */,
				42EB7C0123F283FC00229CEA /* URL+temporaryFile.swift */,
			);
			path = Common;
			sourceTree = "<group>";
		};
		4246C44A235BD54000324965 /* Themes */ = {
			isa = PBXGroup;
			children = (
				422158D3234BCE830011DA67 /* level_theme1.atlas */,
				422158D5234BCE8A0011DA67 /* level_theme2.atlas */,
				4285BC0C234BB4FE00FBE99E /* snakeskin_blue.atlas */,
				4285BC0B234BB4FE00FBE99E /* snakeskin_green.atlas */,
				4285BC0A234BB4FE00FBE99E /* snakeskin_simple.atlas */,
			);
			name = Themes;
			sourceTree = "<group>";
		};
		4255C9DB232F703E00A230AF = {
			isa = PBXGroup;
			children = (
				4255CA2D2331810100A230AF /* Frameworks */,
				4255CA0C232F8A2100A230AF /* AppMac */,
				4255C9E7232F703E00A230AF /* SnakeGame */,
				4255C9F2232F703E00A230AF /* SnakeGameTests */,
				88BCF870F0A6A03EA7495181 /* Pods */,
				4255C9E6232F703E00A230AF /* Products */,
			);
			sourceTree = "<group>";
		};
		4255C9E6232F703E00A230AF /* Products */ = {
			isa = PBXGroup;
			children = (
				4255C9E5232F703E00A230AF /* SnakeGame.framework */,
				4255C9EE232F703E00A230AF /* SnakeGameTests.xctest */,
				4255CA0B232F8A2100A230AF /* Snake.app */,
			);
			name = Products;
			sourceTree = "<group>";
		};
		4255C9E7232F703E00A230AF /* SnakeGame */ = {
			isa = PBXGroup;
			children = (
				42F4538923E5AFA200B90297 /* Bot */,
				422423C0233E79240006D02D /* Common */,
				4255C9E9232F703E00A230AF /* Info.plist */,
				42F4538A23E5B0A200B90297 /* Level */,
				422423BF233E79090006D02D /* Snake */,
				42EFB41823E57E18002B6191 /* SnakeGame.h */,
			);
			path = SnakeGame;
			sourceTree = "<group>";
		};
		4255C9F2232F703E00A230AF /* SnakeGameTests */ = {
			isa = PBXGroup;
			children = (
				4255C9F5232F703E00A230AF /* Info.plist */,
				426892002332682100B97E29 /* swift-algorithm-club */,
				4255CA03232F76F400A230AF /* T1000_Sigmoid.swift */,
				4255CA23232FD2D700A230AF /* T1001_IntVec2.swift */,
				4253C5442336350100210611 /* T1002_UIntVec2.swift */,
				42C31823237F294E00468D1F /* T1003_Array2.swift */,
				42CCD60E23BE65EA0021CBE7 /* T1004_BoundingBox.swift */,
				42CCD61423BEB0C50021CBE7 /* T1005_DataSHA1.swift */,
				4228915323341D2100273A0F /* T1006_MeasureTurnCount.swift */,
				42C6512E23F5A2FD00B2669E /* T1007_SnakeFifo.swift */,
				4253C5452336350100210611 /* T1100_SeededGenerator.swift */,
				42E042B3233402CD007AC6F9 /* T1200_ComputeShortestPath.swift */,
				42C236EA2332F4BB00241639 /* T2000_SnakeBody.swift */,
				42CCD61923C2AA9A0021CBE7 /* T3000_SnakeLevel.swift */,
				42CCD60823BD54F70021CBE7 /* T3001_SnakeLevel_Cluster.swift */,
				429D336723FB056300EF9B37 /* T3100_StuckSnakeDetector.swift */,
			);
			path = SnakeGameTests;
			sourceTree = "<group>";
		};
		4255CA0C232F8A2100A230AF /* AppMac */ = {
			isa = PBXGroup;
			children = (
				4255CA11232F8A2100A230AF /* Actions.sks */,
				429CD0D423495DF300098E68 /* AppConstant.swift */,
				4255CA1D232F8A2300A230AF /* AppMac.entitlements */,
				4255CA17232F8A2300A230AF /* Assets.xcassets */,
				4294DA40233EF33200AA58CD /* Explosion.sks */,
				4217E4E523FD47DA00D8779A /* Fonts */,
				4255CA1C232F8A2300A230AF /* Info.plist */,
				42C31826238187F600468D1F /* Main */,
				4255CA19232F8A2300A230AF /* Main.storyboard */,
				42A93BF723FC1E1800A15FD2 /* MyContentView.swift */,
				42C5566723ABE7E70001DBD8 /* NSEvent+KeyCode.swift */,
				42F35E6023FD877400A4795B /* PlayerScoreView.swift */,
				422B903A23C7BED100A478A7 /* SKScene+BecomeFirstResponder.swift */,
				4294DA42233FA3AF00AA58CD /* SKScene+Explode.swift */,
				4294DA3E233EF09800AA58CD /* SKSpriteNode+Pulse.swift */,
				42CC22C62336EFF200CF3D96 /* SnakeBodyNode.swift */,
				4294DA502341377900AA58CD /* SnakeGameNode.swift */,
				4255CA13232F8A2100A230AF /* SnakeGameScene.swift */,
				42FC337123FEAC20004A50E7 /* SnakeGameSKView.swift */,
				42B96D942347EE000073CAAA /* SnakeLevelSelectorNode.swift */,
				423494FB234D151D009C0030 /* SnakeLevelSelectorScene.swift */,
				42967E45234FBF3C0098A79D /* SnakeUserInput.swift */,
				42CC22C82337C28500CF3D96 /* SnakeWallNode.swift */,
				42C3182B2386F17000468D1F /* Sounds */,
				42CCD61C23C3CF660021CBE7 /* SpriteKitContainer.swift */,
				4246C44A235BD54000324965 /* Themes */,
			);
			path = AppMac;
			sourceTree = "<group>";
		};
		4255CA2D2331810100A230AF /* Frameworks */ = {
			isa = PBXGroup;
			children = (
				9358128FC1D23A57135818A1 /* Pods_BasePods_SnakeGame.framework */,
				8FB44FDAE3974C5798FE49F5 /* Pods_BasePods_SnakeGameTests.framework */,
				B4766643D46103B8402E69B4 /* Pods_BasePods_AppMac.framework */,
			);
			name = Frameworks;
			sourceTree = "<group>";
		};
		426891EF233267E900B97E29 /* swift-algorithm-club */ = {
			isa = PBXGroup;
			children = (
				426891F0233267E900B97E29 /* Graph */,
				426891F6233267E900B97E29 /* SSSP */,
			);
			path = "swift-algorithm-club";
			sourceTree = "<group>";
		};
		426891F0233267E900B97E29 /* Graph */ = {
			isa = PBXGroup;
			children = (
				426891F1233267E900B97E29 /* AdjacencyListGraph.swift */,
				426891F3233267E900B97E29 /* AdjacencyMatrixGraph.swift */,
				426891F2233267E900B97E29 /* Edge.swift */,
				426891F4233267E900B97E29 /* Graph.swift */,
				426891F5233267E900B97E29 /* Vertex.swift */,
			);
			path = Graph;
			sourceTree = "<group>";
		};
		426891F6233267E900B97E29 /* SSSP */ = {
			isa = PBXGroup;
			children = (
				426891F8233267E900B97E29 /* BellmanFord.swift */,
				426891F7233267E900B97E29 /* SSSP.swift */,
			);
			path = SSSP;
			sourceTree = "<group>";
		};
		426892002332682100B97E29 /* swift-algorithm-club */ = {
			isa = PBXGroup;
			children = (
				426892012332682100B97E29 /* GraphTests.swift */,
				426892022332682100B97E29 /* SSSPTests.swift */,
			);
			path = "swift-algorithm-club";
			sourceTree = "<group>";
		};
		42C31826238187F600468D1F /* Main */ = {
			isa = PBXGroup;
			children = (
				4255CA0D232F8A2100A230AF /* AppDelegate.swift */,
				42ECBCCA237CA50700758303 /* DebugMenu.swift */,
				429CD0D02348F93E00098E68 /* NSUserDefaultsController+Settings.swift */,
				4246C440235BB07E00324965 /* PlayerMenu.swift */,
			);
			path = Main;
			sourceTree = "<group>";
		};
		42C3182B2386F17000468D1F /* Sounds */ = {
			isa = PBXGroup;
			children = (
				4294DA47233FC05100AA58CD /* snake_dies.wav */,
				4294DA46233FC05100AA58CD /* snake_eats.wav */,
				4294DA4A233FC96300AA58CD /* snake_step.wav */,
			);
			path = Sounds;
			sourceTree = "<group>";
		};
		42F4538923E5AFA200B90297 /* Bot */ = {
			isa = PBXGroup;
			children = (
				42C318292384117500468D1F /* SnakeBot_MoveForward.swift */,
				42CC22CC23397D9700CF3D96 /* SnakeBot.swift */,
				429122BE23520D3000B3E32A /* SnakeBot1.swift */,
				42ECBCBD236F305600758303 /* SnakeBot4.swift */,
				42C3182C2386FBDC00468D1F /* SnakeBot5.swift */,
				42822A22239817CA00DA4461 /* SnakeBot6.swift */,
			);
			path = Bot;
			sourceTree = "<group>";
		};
		42F4538A23E5B0A200B90297 /* Level */ = {
			isa = PBXGroup;
			children = (
				42CCD60A23BD5DF40021CBE7 /* SnakeLevel_Cluster.swift */,
				42E042B523340DEE007AC6F9 /* SnakeLevel.swift */,
				4253C5402335A9D100210611 /* SnakeLevel+Load.swift */,
				42CCD60C23BE62CE0021CBE7 /* SnakeLevelBuilder.swift */,
				42ECBCBF23735BF500758303 /* SnakeLevelCacheModel.pb.swift */,
				42ECBCC42373608600758303 /* SnakeLevelCacheModel.proto */,
				42C3182E2388839100468D1F /* SnakeLevelDistanceMap.swift */,
				42CCD61723C1054C0021CBE7 /* SnakeLevelManager.swift */,
				4253C53E23359FB000210611 /* SnakeLevels.bundle */,
			);
			path = Level;
			sourceTree = "<group>";
		};
		88BCF870F0A6A03EA7495181 /* Pods */ = {
			isa = PBXGroup;
			children = (
				E23F4E283B4E8893064CA145 /* Pods-BasePods-SnakeGame.debug.xcconfig */,
				D8979D627100CC49DFE3B335 /* Pods-BasePods-SnakeGame.release.xcconfig */,
				8AF26EB06CC2C2212A22833A /* Pods-BasePods-SnakeGameTests.debug.xcconfig */,
				52109A9E363C770400D95B42 /* Pods-BasePods-SnakeGameTests.release.xcconfig */,
				35C4C097824F5A32B5434DAE /* Pods-BasePods-AppMac.debug.xcconfig */,
				9EC295C3AED460279791ACB7 /* Pods-BasePods-AppMac.release.xcconfig */,
			);
			path = Pods;
			sourceTree = "<group>";
		};
/* End PBXGroup section */

/* Begin PBXHeadersBuildPhase section */
		4255C9E0232F703E00A230AF /* Headers */ = {
			isa = PBXHeadersBuildPhase;
			buildActionMask = 2147483647;
			files = (
				42EFB41923E57E18002B6191 /* SnakeGame.h in Headers */,
			);
			runOnlyForDeploymentPostprocessing = 0;
		};
/* End PBXHeadersBuildPhase section */

/* Begin PBXNativeTarget section */
		4255C9E4232F703E00A230AF /* SnakeGame */ = {
			isa = PBXNativeTarget;
			buildConfigurationList = 4255C9F9232F703E00A230AF /* Build configuration list for PBXNativeTarget "SnakeGame" */;
			buildPhases = (
				85A85CAD5C872669DF1A06D0 /* [CP] Check Pods Manifest.lock */,
				4255C9E0232F703E00A230AF /* Headers */,
				4255C9E1232F703E00A230AF /* Sources */,
				4255C9E2232F703E00A230AF /* Frameworks */,
				4255C9E3232F703E00A230AF /* Resources */,
			);
			buildRules = (
			);
			dependencies = (
			);
			name = SnakeGame;
			productName = NeuralNet4;
			productReference = 4255C9E5232F703E00A230AF /* SnakeGame.framework */;
			productType = "com.apple.product-type.framework";
		};
		4255C9ED232F703E00A230AF /* SnakeGameTests */ = {
			isa = PBXNativeTarget;
			buildConfigurationList = 4255C9FC232F703E00A230AF /* Build configuration list for PBXNativeTarget "SnakeGameTests" */;
			buildPhases = (
				B069A3518912E3963876443D /* [CP] Check Pods Manifest.lock */,
				4255C9EA232F703E00A230AF /* Sources */,
				4255C9EB232F703E00A230AF /* Frameworks */,
				4255C9EC232F703E00A230AF /* Resources */,
				8E99CD32B536FA6B106E1118 /* [CP] Embed Pods Frameworks */,
			);
			buildRules = (
			);
			dependencies = (
				4255C9F1232F703E00A230AF /* PBXTargetDependency */,
				4255CA28232FD62500A230AF /* PBXTargetDependency */,
			);
			name = SnakeGameTests;
			productName = NeuralNet4Tests;
			productReference = 4255C9EE232F703E00A230AF /* SnakeGameTests.xctest */;
			productType = "com.apple.product-type.bundle.unit-test";
		};
		4255CA0A232F8A2100A230AF /* AppMac */ = {
			isa = PBXNativeTarget;
			buildConfigurationList = 4255CA1E232F8A2300A230AF /* Build configuration list for PBXNativeTarget "AppMac" */;
			buildPhases = (
				2D66CC6555AC8F3FBB3E4046 /* [CP] Check Pods Manifest.lock */,
				4255CA07232F8A2100A230AF /* Sources */,
				4255CA08232F8A2100A230AF /* Frameworks */,
				4255CA09232F8A2100A230AF /* Resources */,
				6953220580150BE9BC684608 /* [CP] Embed Pods Frameworks */,
			);
			buildRules = (
			);
			dependencies = (
				4255CA2C233180EE00A230AF /* PBXTargetDependency */,
			);
			name = AppMac;
			productName = Game;
			productReference = 4255CA0B232F8A2100A230AF /* Snake.app */;
			productType = "com.apple.product-type.application";
		};
/* End PBXNativeTarget section */

/* Begin PBXProject section */
		4255C9DC232F703E00A230AF /* Project object */ = {
			isa = PBXProject;
			attributes = {
				LastSwiftUpdateCheck = 1030;
				LastUpgradeCheck = 1030;
				ORGANIZATIONNAME = "Simon Strandgaard";
				TargetAttributes = {
					4255C9E4232F703E00A230AF = {
						CreatedOnToolsVersion = 10.3;
						LastSwiftMigration = 1030;
					};
					4255C9ED232F703E00A230AF = {
						CreatedOnToolsVersion = 10.3;
						TestTargetID = 4255CA0A232F8A2100A230AF;
					};
					4255CA0A232F8A2100A230AF = {
						CreatedOnToolsVersion = 10.3;
					};
				};
			};
			buildConfigurationList = 4255C9DF232F703E00A230AF /* Build configuration list for PBXProject "SnakeGame" */;
			compatibilityVersion = "Xcode 9.3";
			developmentRegion = en;
			hasScannedForEncodings = 0;
			knownRegions = (
				en,
				Base,
			);
			mainGroup = 4255C9DB232F703E00A230AF;
			productRefGroup = 4255C9E6232F703E00A230AF /* Products */;
			projectDirPath = "";
			projectRoot = "";
			targets = (
				4255CA0A232F8A2100A230AF /* AppMac */,
				4255C9E4232F703E00A230AF /* SnakeGame */,
				4255C9ED232F703E00A230AF /* SnakeGameTests */,
			);
		};
/* End PBXProject section */

/* Begin PBXResourcesBuildPhase section */
		4255C9E3232F703E00A230AF /* Resources */ = {
			isa = PBXResourcesBuildPhase;
			buildActionMask = 2147483647;
			files = (
				4253C53F23359FB000210611 /* SnakeLevels.bundle in Resources */,
			);
			runOnlyForDeploymentPostprocessing = 0;
		};
		4255C9EC232F703E00A230AF /* Resources */ = {
			isa = PBXResourcesBuildPhase;
			buildActionMask = 2147483647;
			files = (
			);
			runOnlyForDeploymentPostprocessing = 0;
		};
		4255CA09232F8A2100A230AF /* Resources */ = {
			isa = PBXResourcesBuildPhase;
			buildActionMask = 2147483647;
			files = (
				4294DA41233EF33200AA58CD /* Explosion.sks in Resources */,
				4255CA18232F8A2300A230AF /* Assets.xcassets in Resources */,
				4285BC0E234BB4FE00FBE99E /* snakeskin_green.atlas in Resources */,
				422158D4234BCE830011DA67 /* level_theme1.atlas in Resources */,
				4285BC0D234BB4FE00FBE99E /* snakeskin_simple.atlas in Resources */,
				4217E4E623FD47DA00D8779A /* Fonts in Resources */,
				4255CA12232F8A2100A230AF /* Actions.sks in Resources */,
				4294DA49233FC05200AA58CD /* snake_dies.wav in Resources */,
				4285BC0F234BB4FE00FBE99E /* snakeskin_blue.atlas in Resources */,
				4294DA48233FC05200AA58CD /* snake_eats.wav in Resources */,
				422158D6234BCE8A0011DA67 /* level_theme2.atlas in Resources */,
				4255CA1B232F8A2300A230AF /* Main.storyboard in Resources */,
				4294DA4B233FC96300AA58CD /* snake_step.wav in Resources */,
			);
			runOnlyForDeploymentPostprocessing = 0;
		};
/* End PBXResourcesBuildPhase section */

/* Begin PBXShellScriptBuildPhase section */
		2D66CC6555AC8F3FBB3E4046 /* [CP] Check Pods Manifest.lock */ = {
			isa = PBXShellScriptBuildPhase;
			buildActionMask = 2147483647;
			files = (
			);
			inputFileListPaths = (
			);
			inputPaths = (
				"${PODS_PODFILE_DIR_PATH}/Podfile.lock",
				"${PODS_ROOT}/Manifest.lock",
			);
			name = "[CP] Check Pods Manifest.lock";
			outputFileListPaths = (
			);
			outputPaths = (
				"$(DERIVED_FILE_DIR)/Pods-BasePods-AppMac-checkManifestLockResult.txt",
			);
			runOnlyForDeploymentPostprocessing = 0;
			shellPath = /bin/sh;
			shellScript = "diff \"${PODS_PODFILE_DIR_PATH}/Podfile.lock\" \"${PODS_ROOT}/Manifest.lock\" > /dev/null\nif [ $? != 0 ] ; then\n    # print error to STDERR\n    echo \"error: The sandbox is not in sync with the Podfile.lock. Run 'pod install' or update your CocoaPods installation.\" >&2\n    exit 1\nfi\n# This output is used by Xcode 'outputs' to avoid re-running this script phase.\necho \"SUCCESS\" > \"${SCRIPT_OUTPUT_FILE_0}\"\n";
			showEnvVarsInLog = 0;
		};
		6953220580150BE9BC684608 /* [CP] Embed Pods Frameworks */ = {
			isa = PBXShellScriptBuildPhase;
			buildActionMask = 2147483647;
			files = (
			);
			inputFileListPaths = (
				"${PODS_ROOT}/Target Support Files/Pods-BasePods-AppMac/Pods-BasePods-AppMac-frameworks-${CONFIGURATION}-input-files.xcfilelist",
			);
			name = "[CP] Embed Pods Frameworks";
			outputFileListPaths = (
				"${PODS_ROOT}/Target Support Files/Pods-BasePods-AppMac/Pods-BasePods-AppMac-frameworks-${CONFIGURATION}-output-files.xcfilelist",
			);
			runOnlyForDeploymentPostprocessing = 0;
			shellPath = /bin/sh;
			shellScript = "\"${PODS_ROOT}/Target Support Files/Pods-BasePods-AppMac/Pods-BasePods-AppMac-frameworks.sh\"\n";
			showEnvVarsInLog = 0;
		};
		85A85CAD5C872669DF1A06D0 /* [CP] Check Pods Manifest.lock */ = {
			isa = PBXShellScriptBuildPhase;
			buildActionMask = 2147483647;
			files = (
			);
			inputFileListPaths = (
			);
			inputPaths = (
				"${PODS_PODFILE_DIR_PATH}/Podfile.lock",
				"${PODS_ROOT}/Manifest.lock",
			);
			name = "[CP] Check Pods Manifest.lock";
			outputFileListPaths = (
			);
			outputPaths = (
				"$(DERIVED_FILE_DIR)/Pods-BasePods-SnakeGame-checkManifestLockResult.txt",
			);
			runOnlyForDeploymentPostprocessing = 0;
			shellPath = /bin/sh;
			shellScript = "diff \"${PODS_PODFILE_DIR_PATH}/Podfile.lock\" \"${PODS_ROOT}/Manifest.lock\" > /dev/null\nif [ $? != 0 ] ; then\n    # print error to STDERR\n    echo \"error: The sandbox is not in sync with the Podfile.lock. Run 'pod install' or update your CocoaPods installation.\" >&2\n    exit 1\nfi\n# This output is used by Xcode 'outputs' to avoid re-running this script phase.\necho \"SUCCESS\" > \"${SCRIPT_OUTPUT_FILE_0}\"\n";
			showEnvVarsInLog = 0;
		};
		8E99CD32B536FA6B106E1118 /* [CP] Embed Pods Frameworks */ = {
			isa = PBXShellScriptBuildPhase;
			buildActionMask = 2147483647;
			files = (
			);
			inputFileListPaths = (
				"${PODS_ROOT}/Target Support Files/Pods-BasePods-SnakeGameTests/Pods-BasePods-SnakeGameTests-frameworks-${CONFIGURATION}-input-files.xcfilelist",
			);
			name = "[CP] Embed Pods Frameworks";
			outputFileListPaths = (
				"${PODS_ROOT}/Target Support Files/Pods-BasePods-SnakeGameTests/Pods-BasePods-SnakeGameTests-frameworks-${CONFIGURATION}-output-files.xcfilelist",
			);
			runOnlyForDeploymentPostprocessing = 0;
			shellPath = /bin/sh;
			shellScript = "\"${PODS_ROOT}/Target Support Files/Pods-BasePods-SnakeGameTests/Pods-BasePods-SnakeGameTests-frameworks.sh\"\n";
			showEnvVarsInLog = 0;
		};
		B069A3518912E3963876443D /* [CP] Check Pods Manifest.lock */ = {
			isa = PBXShellScriptBuildPhase;
			buildActionMask = 2147483647;
			files = (
			);
			inputFileListPaths = (
			);
			inputPaths = (
				"${PODS_PODFILE_DIR_PATH}/Podfile.lock",
				"${PODS_ROOT}/Manifest.lock",
			);
			name = "[CP] Check Pods Manifest.lock";
			outputFileListPaths = (
			);
			outputPaths = (
				"$(DERIVED_FILE_DIR)/Pods-BasePods-SnakeGameTests-checkManifestLockResult.txt",
			);
			runOnlyForDeploymentPostprocessing = 0;
			shellPath = /bin/sh;
			shellScript = "diff \"${PODS_PODFILE_DIR_PATH}/Podfile.lock\" \"${PODS_ROOT}/Manifest.lock\" > /dev/null\nif [ $? != 0 ] ; then\n    # print error to STDERR\n    echo \"error: The sandbox is not in sync with the Podfile.lock. Run 'pod install' or update your CocoaPods installation.\" >&2\n    exit 1\nfi\n# This output is used by Xcode 'outputs' to avoid re-running this script phase.\necho \"SUCCESS\" > \"${SCRIPT_OUTPUT_FILE_0}\"\n";
			showEnvVarsInLog = 0;
		};
/* End PBXShellScriptBuildPhase section */

/* Begin PBXSourcesBuildPhase section */
		4255C9E1232F703E00A230AF /* Sources */ = {
			isa = PBXSourcesBuildPhase;
			buildActionMask = 2147483647;
			files = (
				42CCD60D23BE62CE0021CBE7 /* SnakeLevelBuilder.swift in Sources */,
				422423BA233D9A590006D02D /* SnakeGameState+Create.swift in Sources */,
				4228915223341CCC00273A0F /* MeasureTurnCount.swift in Sources */,
				42EB7C0023F2105000229CEA /* SnakeGameStateModel.pb.swift in Sources */,
				42EB7BFE23F1FD9D00229CEA /* SnakeGameStateModel.proto in Sources */,
				4255CA26232FD31900A230AF /* IntVec2.swift in Sources */,
				423C4F55240C4B5B00786F49 /* OSLogDestination.swift in Sources */,
				42C31822237F27AF00468D1F /* Array2.swift in Sources */,
				422423BE233D9B760006D02D /* SnakeGameHeadless.swift in Sources */,
				42CC22CD23397D9700CF3D96 /* SnakeBot.swift in Sources */,
				42CCD61623BEE0CC0021CBE7 /* SnakeLevelCacheModel.proto in Sources */,
				42A8B6FC2331B3CC00E618CF /* SnakeFifo.swift in Sources */,
				423C4F54240C4B5B00786F49 /* Logging.swift in Sources */,
				426891FA233267E900B97E29 /* Edge.swift in Sources */,
				4255CA2A233180B500A230AF /* SeededGenerator.swift in Sources */,
				426891FD233267E900B97E29 /* Vertex.swift in Sources */,
				429D336623FAF46E00EF9B37 /* StuckSnakeDetector.swift in Sources */,
				42C3182F2388839100468D1F /* SnakeLevelDistanceMap.swift in Sources */,
				42F4538823E5A3AD00B90297 /* IntVec2+CGPoint.swift in Sources */,
				426891FC233267E900B97E29 /* Graph.swift in Sources */,
				42CCD61823C1054C0021CBE7 /* SnakeLevelManager.swift in Sources */,
				4221EFDC2332F0F00026A8A0 /* SnakeBody.swift in Sources */,
				4255CA02232F70F800A230AF /* sigmoid.swift in Sources */,
				42EB7C0223F283FC00229CEA /* URL+temporaryFile.swift in Sources */,
				4253C5432336349800210611 /* UIntVec2.swift in Sources */,
				42C3182D2386FBDC00468D1F /* SnakeBot5.swift in Sources */,
				426891FB233267E900B97E29 /* AdjacencyMatrixGraph.swift in Sources */,
				422423B6233D46F30006D02D /* SnakeGameState.swift in Sources */,
				422423B4233CE40A0006D02D /* SnakeCollisionDetector.swift in Sources */,
				426891F9233267E900B97E29 /* AdjacencyListGraph.swift in Sources */,
				42F4538C23E5B41400B90297 /* SnakeHeadDirection.swift in Sources */,
				42A8B6FE2331B4AE00E618CF /* SnakeHead.swift in Sources */,
				42EB7C0423F2873B00229CEA /* SnakeGameState+SaveTrainingData.swift in Sources */,
				42CCD61323BEB04B0021CBE7 /* Data+SHA1.swift in Sources */,
				42CC22CB23397D1300CF3D96 /* SnakePlayer.swift in Sources */,
				42C236ED2333033700241639 /* MeasureAreaSize.swift in Sources */,
				42CCD61123BE65FD0021CBE7 /* BoundingBox.swift in Sources */,
				426891FE233267E900B97E29 /* SSSP.swift in Sources */,
				422423B8233D71E80006D02D /* SnakeFoodGenerator.swift in Sources */,
				42ECBCC023735BF600758303 /* SnakeLevelCacheModel.pb.swift in Sources */,
				42CCD60B23BD5DF40021CBE7 /* SnakeLevel_Cluster.swift in Sources */,
				42E042B2233400D3007AC6F9 /* ComputeShortestPath.swift in Sources */,
				4253C5412335A9D100210611 /* SnakeLevel+Load.swift in Sources */,
				42822A23239817CA00DA4461 /* SnakeBot6.swift in Sources */,
				429122BF23520D3000B3E32A /* SnakeBot1.swift in Sources */,
				42E042B623340DEE007AC6F9 /* SnakeLevel.swift in Sources */,
				42ECBCBE236F305600758303 /* SnakeBot4.swift in Sources */,
				422423BC233D9ABD0006D02D /* SnakeGameExecuter.swift in Sources */,
				4255CA01232F70F800A230AF /* remap.swift in Sources */,
				42C3182A2384117500468D1F /* SnakeBot_MoveForward.swift in Sources */,
				426891FF233267E900B97E29 /* BellmanFord.swift in Sources */,
			);
			runOnlyForDeploymentPostprocessing = 0;
		};
		4255C9EA232F703E00A230AF /* Sources */ = {
			isa = PBXSourcesBuildPhase;
			buildActionMask = 2147483647;
			files = (
				42CCD61523BEB0C50021CBE7 /* T1005_DataSHA1.swift in Sources */,
				4255CA04232F76F400A230AF /* T1000_Sigmoid.swift in Sources */,
				42C31824237F294E00468D1F /* T1003_Array2.swift in Sources */,
				4228915423341D2100273A0F /* T1006_MeasureTurnCount.swift in Sources */,
				4253C5472336350100210611 /* T1100_SeededGenerator.swift in Sources */,
				4253C5462336350100210611 /* T1002_UIntVec2.swift in Sources */,
				429D336823FB056300EF9B37 /* T3100_StuckSnakeDetector.swift in Sources */,
				42C6512F23F5A2FD00B2669E /* T1007_SnakeFifo.swift in Sources */,
				42E042B4233402CD007AC6F9 /* T1200_ComputeShortestPath.swift in Sources */,
				426892032332682100B97E29 /* GraphTests.swift in Sources */,
				4255CA24232FD2D700A230AF /* T1001_IntVec2.swift in Sources */,
				42CCD60F23BE65EA0021CBE7 /* T1004_BoundingBox.swift in Sources */,
				426892042332682100B97E29 /* SSSPTests.swift in Sources */,
				42CCD61A23C2AA9A0021CBE7 /* T3000_SnakeLevel.swift in Sources */,
				42C236EB2332F4BB00241639 /* T2000_SnakeBody.swift in Sources */,
				42CCD60923BD54F70021CBE7 /* T3001_SnakeLevel_Cluster.swift in Sources */,
			);
			runOnlyForDeploymentPostprocessing = 0;
		};
		4255CA07232F8A2100A230AF /* Sources */ = {
			isa = PBXSourcesBuildPhase;
			buildActionMask = 2147483647;
			files = (
				42C5566823ABE7E70001DBD8 /* NSEvent+KeyCode.swift in Sources */,
				422B903B23C7BED100A478A7 /* SKScene+BecomeFirstResponder.swift in Sources */,
				42F35E6123FD877400A4795B /* PlayerScoreView.swift in Sources */,
				4294DA512341377900AA58CD /* SnakeGameNode.swift in Sources */,
				42CC22C72336EFF200CF3D96 /* SnakeBodyNode.swift in Sources */,
				42FC337223FEAC20004A50E7 /* SnakeGameSKView.swift in Sources */,
				4246C441235BB07E00324965 /* PlayerMenu.swift in Sources */,
				4294DA3F233EF09900AA58CD /* SKSpriteNode+Pulse.swift in Sources */,
				42A93BF823FC1E1800A15FD2 /* MyContentView.swift in Sources */,
				42967E46234FBF3C0098A79D /* SnakeUserInput.swift in Sources */,
				42CCD61D23C3CF660021CBE7 /* SpriteKitContainer.swift in Sources */,
				4255CA14232F8A2100A230AF /* SnakeGameScene.swift in Sources */,
				429CD0D12348F93E00098E68 /* NSUserDefaultsController+Settings.swift in Sources */,
				4294DA43233FA3AF00AA58CD /* SKScene+Explode.swift in Sources */,
				42CC22C92337C28500CF3D96 /* SnakeWallNode.swift in Sources */,
				42B96D952347EE000073CAAA /* SnakeLevelSelectorNode.swift in Sources */,
				42ECBCCB237CA50700758303 /* DebugMenu.swift in Sources */,
				423494FC234D151D009C0030 /* SnakeLevelSelectorScene.swift in Sources */,
				4255CA0E232F8A2100A230AF /* AppDelegate.swift in Sources */,
				429CD0D523495DF300098E68 /* AppConstant.swift in Sources */,
			);
			runOnlyForDeploymentPostprocessing = 0;
		};
/* End PBXSourcesBuildPhase section */

/* Begin PBXTargetDependency section */
		4255C9F1232F703E00A230AF /* PBXTargetDependency */ = {
			isa = PBXTargetDependency;
			target = 4255C9E4232F703E00A230AF /* SnakeGame */;
			targetProxy = 4255C9F0232F703E00A230AF /* PBXContainerItemProxy */;
		};
		4255CA28232FD62500A230AF /* PBXTargetDependency */ = {
			isa = PBXTargetDependency;
			target = 4255CA0A232F8A2100A230AF /* AppMac */;
			targetProxy = 4255CA27232FD62500A230AF /* PBXContainerItemProxy */;
		};
		4255CA2C233180EE00A230AF /* PBXTargetDependency */ = {
			isa = PBXTargetDependency;
			target = 4255C9E4232F703E00A230AF /* SnakeGame */;
			targetProxy = 4255CA2B233180EE00A230AF /* PBXContainerItemProxy */;
		};
/* End PBXTargetDependency section */

/* Begin PBXVariantGroup section */
		4255CA19232F8A2300A230AF /* Main.storyboard */ = {
			isa = PBXVariantGroup;
			children = (
				4255CA1A232F8A2300A230AF /* Base */,
			);
			name = Main.storyboard;
			sourceTree = "<group>";
		};
/* End PBXVariantGroup section */

/* Begin XCBuildConfiguration section */
		4255C9F7232F703E00A230AF /* Debug */ = {
			isa = XCBuildConfiguration;
			buildSettings = {
				ALWAYS_SEARCH_USER_PATHS = NO;
				CLANG_ANALYZER_NONNULL = YES;
				CLANG_ANALYZER_NUMBER_OBJECT_CONVERSION = YES_AGGRESSIVE;
				CLANG_CXX_LANGUAGE_STANDARD = "gnu++14";
				CLANG_CXX_LIBRARY = "libc++";
				CLANG_ENABLE_MODULES = YES;
				CLANG_ENABLE_OBJC_ARC = YES;
				CLANG_ENABLE_OBJC_WEAK = YES;
				CLANG_WARN_BLOCK_CAPTURE_AUTORELEASING = YES;
				CLANG_WARN_BOOL_CONVERSION = YES;
				CLANG_WARN_COMMA = YES;
				CLANG_WARN_CONSTANT_CONVERSION = YES;
				CLANG_WARN_DEPRECATED_OBJC_IMPLEMENTATIONS = YES;
				CLANG_WARN_DIRECT_OBJC_ISA_USAGE = YES_ERROR;
				CLANG_WARN_DOCUMENTATION_COMMENTS = YES;
				CLANG_WARN_EMPTY_BODY = YES;
				CLANG_WARN_ENUM_CONVERSION = YES;
				CLANG_WARN_INFINITE_RECURSION = YES;
				CLANG_WARN_INT_CONVERSION = YES;
				CLANG_WARN_NON_LITERAL_NULL_CONVERSION = YES;
				CLANG_WARN_OBJC_IMPLICIT_RETAIN_SELF = YES;
				CLANG_WARN_OBJC_LITERAL_CONVERSION = YES;
				CLANG_WARN_OBJC_ROOT_CLASS = YES_ERROR;
				CLANG_WARN_RANGE_LOOP_ANALYSIS = YES;
				CLANG_WARN_STRICT_PROTOTYPES = YES;
				CLANG_WARN_SUSPICIOUS_MOVE = YES;
				CLANG_WARN_UNGUARDED_AVAILABILITY = YES_AGGRESSIVE;
				CLANG_WARN_UNREACHABLE_CODE = YES;
				CLANG_WARN__DUPLICATE_METHOD_MATCH = YES;
				CODE_SIGN_IDENTITY = "Mac Developer";
				COPY_PHASE_STRIP = NO;
				CURRENT_PROJECT_VERSION = 1;
				DEBUG_INFORMATION_FORMAT = dwarf;
				ENABLE_STRICT_OBJC_MSGSEND = YES;
				ENABLE_TESTABILITY = YES;
				GCC_C_LANGUAGE_STANDARD = gnu11;
				GCC_DYNAMIC_NO_PIC = NO;
				GCC_NO_COMMON_BLOCKS = YES;
				GCC_OPTIMIZATION_LEVEL = 0;
				GCC_PREPROCESSOR_DEFINITIONS = (
					"DEBUG=1",
					"$(inherited)",
				);
				GCC_WARN_64_TO_32_BIT_CONVERSION = YES;
				GCC_WARN_ABOUT_RETURN_TYPE = YES_ERROR;
				GCC_WARN_UNDECLARED_SELECTOR = YES;
				GCC_WARN_UNINITIALIZED_AUTOS = YES_AGGRESSIVE;
				GCC_WARN_UNUSED_FUNCTION = YES;
				GCC_WARN_UNUSED_VARIABLE = YES;
				MACOSX_DEPLOYMENT_TARGET = 10.15;
				MTL_ENABLE_DEBUG_INFO = INCLUDE_SOURCE;
				MTL_FAST_MATH = YES;
				ONLY_ACTIVE_ARCH = YES;
				SDKROOT = macosx;
				SWIFT_ACTIVE_COMPILATION_CONDITIONS = DEBUG;
				SWIFT_OPTIMIZATION_LEVEL = "-Onone";
				VERSIONING_SYSTEM = "apple-generic";
				VERSION_INFO_PREFIX = "";
			};
			name = Debug;
		};
		4255C9F8232F703E00A230AF /* Release */ = {
			isa = XCBuildConfiguration;
			buildSettings = {
				ALWAYS_SEARCH_USER_PATHS = NO;
				CLANG_ANALYZER_NONNULL = YES;
				CLANG_ANALYZER_NUMBER_OBJECT_CONVERSION = YES_AGGRESSIVE;
				CLANG_CXX_LANGUAGE_STANDARD = "gnu++14";
				CLANG_CXX_LIBRARY = "libc++";
				CLANG_ENABLE_MODULES = YES;
				CLANG_ENABLE_OBJC_ARC = YES;
				CLANG_ENABLE_OBJC_WEAK = YES;
				CLANG_WARN_BLOCK_CAPTURE_AUTORELEASING = YES;
				CLANG_WARN_BOOL_CONVERSION = YES;
				CLANG_WARN_COMMA = YES;
				CLANG_WARN_CONSTANT_CONVERSION = YES;
				CLANG_WARN_DEPRECATED_OBJC_IMPLEMENTATIONS = YES;
				CLANG_WARN_DIRECT_OBJC_ISA_USAGE = YES_ERROR;
				CLANG_WARN_DOCUMENTATION_COMMENTS = YES;
				CLANG_WARN_EMPTY_BODY = YES;
				CLANG_WARN_ENUM_CONVERSION = YES;
				CLANG_WARN_INFINITE_RECURSION = YES;
				CLANG_WARN_INT_CONVERSION = YES;
				CLANG_WARN_NON_LITERAL_NULL_CONVERSION = YES;
				CLANG_WARN_OBJC_IMPLICIT_RETAIN_SELF = YES;
				CLANG_WARN_OBJC_LITERAL_CONVERSION = YES;
				CLANG_WARN_OBJC_ROOT_CLASS = YES_ERROR;
				CLANG_WARN_RANGE_LOOP_ANALYSIS = YES;
				CLANG_WARN_STRICT_PROTOTYPES = YES;
				CLANG_WARN_SUSPICIOUS_MOVE = YES;
				CLANG_WARN_UNGUARDED_AVAILABILITY = YES_AGGRESSIVE;
				CLANG_WARN_UNREACHABLE_CODE = YES;
				CLANG_WARN__DUPLICATE_METHOD_MATCH = YES;
				CODE_SIGN_IDENTITY = "Mac Developer";
				COPY_PHASE_STRIP = NO;
				CURRENT_PROJECT_VERSION = 1;
				DEBUG_INFORMATION_FORMAT = "dwarf-with-dsym";
				ENABLE_NS_ASSERTIONS = NO;
				ENABLE_STRICT_OBJC_MSGSEND = YES;
				GCC_C_LANGUAGE_STANDARD = gnu11;
				GCC_NO_COMMON_BLOCKS = YES;
				GCC_WARN_64_TO_32_BIT_CONVERSION = YES;
				GCC_WARN_ABOUT_RETURN_TYPE = YES_ERROR;
				GCC_WARN_UNDECLARED_SELECTOR = YES;
				GCC_WARN_UNINITIALIZED_AUTOS = YES_AGGRESSIVE;
				GCC_WARN_UNUSED_FUNCTION = YES;
				GCC_WARN_UNUSED_VARIABLE = YES;
				MACOSX_DEPLOYMENT_TARGET = 10.15;
				MTL_ENABLE_DEBUG_INFO = NO;
				MTL_FAST_MATH = YES;
				SDKROOT = macosx;
				SWIFT_COMPILATION_MODE = wholemodule;
				SWIFT_OPTIMIZATION_LEVEL = "-O";
				VERSIONING_SYSTEM = "apple-generic";
				VERSION_INFO_PREFIX = "";
			};
			name = Release;
		};
		4255C9FA232F703E00A230AF /* Debug */ = {
			isa = XCBuildConfiguration;
			baseConfigurationReference = E23F4E283B4E8893064CA145 /* Pods-BasePods-SnakeGame.debug.xcconfig */;
			buildSettings = {
				CLANG_ENABLE_MODULES = YES;
				CODE_SIGN_IDENTITY = "";
				CODE_SIGN_STYLE = Automatic;
				COMBINE_HIDPI_IMAGES = YES;
				DEFINES_MODULE = YES;
				DEVELOPMENT_TEAM = 22DR89XVRF;
				DYLIB_COMPATIBILITY_VERSION = 1;
				DYLIB_CURRENT_VERSION = 1;
				DYLIB_INSTALL_NAME_BASE = "@rpath";
				FRAMEWORK_VERSION = A;
				INFOPLIST_FILE = SnakeGame/Info.plist;
				INSTALL_PATH = "$(LOCAL_LIBRARY_DIR)/Frameworks";
				LD_RUNPATH_SEARCH_PATHS = (
					"$(inherited)",
					"@executable_path/../Frameworks",
					"@loader_path/Frameworks",
				);
				PRODUCT_BUNDLE_IDENTIFIER = neoneye.SnakeGame;
				PRODUCT_NAME = "$(TARGET_NAME:c99extidentifier)";
				SKIP_INSTALL = YES;
				SWIFT_OPTIMIZATION_LEVEL = "-Onone";
				SWIFT_VERSION = 5.0;
			};
			name = Debug;
		};
		4255C9FB232F703E00A230AF /* Release */ = {
			isa = XCBuildConfiguration;
			baseConfigurationReference = D8979D627100CC49DFE3B335 /* Pods-BasePods-SnakeGame.release.xcconfig */;
			buildSettings = {
				CLANG_ENABLE_MODULES = YES;
				CODE_SIGN_IDENTITY = "";
				CODE_SIGN_STYLE = Automatic;
				COMBINE_HIDPI_IMAGES = YES;
				DEFINES_MODULE = YES;
				DEVELOPMENT_TEAM = 22DR89XVRF;
				DYLIB_COMPATIBILITY_VERSION = 1;
				DYLIB_CURRENT_VERSION = 1;
				DYLIB_INSTALL_NAME_BASE = "@rpath";
				FRAMEWORK_VERSION = A;
				INFOPLIST_FILE = SnakeGame/Info.plist;
				INSTALL_PATH = "$(LOCAL_LIBRARY_DIR)/Frameworks";
				LD_RUNPATH_SEARCH_PATHS = (
					"$(inherited)",
					"@executable_path/../Frameworks",
					"@loader_path/Frameworks",
				);
				PRODUCT_BUNDLE_IDENTIFIER = neoneye.SnakeGame;
				PRODUCT_NAME = "$(TARGET_NAME:c99extidentifier)";
				SKIP_INSTALL = YES;
				SWIFT_VERSION = 5.0;
			};
			name = Release;
		};
		4255C9FD232F703E00A230AF /* Debug */ = {
			isa = XCBuildConfiguration;
			baseConfigurationReference = 8AF26EB06CC2C2212A22833A /* Pods-BasePods-SnakeGameTests.debug.xcconfig */;
			buildSettings = {
				BUNDLE_LOADER = "$(TEST_HOST)";
				CODE_SIGN_STYLE = Automatic;
				COMBINE_HIDPI_IMAGES = YES;
				DEVELOPMENT_TEAM = 22DR89XVRF;
				INFOPLIST_FILE = SnakeGameTests/Info.plist;
				LD_RUNPATH_SEARCH_PATHS = (
					"$(inherited)",
					"@executable_path/../Frameworks",
					"@loader_path/../Frameworks",
				);
				PRODUCT_BUNDLE_IDENTIFIER = neoneye.SnakeGameTests;
				PRODUCT_NAME = "$(TARGET_NAME)";
				SWIFT_VERSION = 5.0;
				TEST_HOST = "$(BUILT_PRODUCTS_DIR)/Snake.app/Contents/MacOS/Snake";
			};
			name = Debug;
		};
		4255C9FE232F703E00A230AF /* Release */ = {
			isa = XCBuildConfiguration;
			baseConfigurationReference = 52109A9E363C770400D95B42 /* Pods-BasePods-SnakeGameTests.release.xcconfig */;
			buildSettings = {
				BUNDLE_LOADER = "$(TEST_HOST)";
				CODE_SIGN_STYLE = Automatic;
				COMBINE_HIDPI_IMAGES = YES;
				DEVELOPMENT_TEAM = 22DR89XVRF;
				INFOPLIST_FILE = SnakeGameTests/Info.plist;
				LD_RUNPATH_SEARCH_PATHS = (
					"$(inherited)",
					"@executable_path/../Frameworks",
					"@loader_path/../Frameworks",
				);
				PRODUCT_BUNDLE_IDENTIFIER = neoneye.SnakeGameTests;
				PRODUCT_NAME = "$(TARGET_NAME)";
				SWIFT_VERSION = 5.0;
				TEST_HOST = "$(BUILT_PRODUCTS_DIR)/Snake.app/Contents/MacOS/Snake";
			};
			name = Release;
		};
		4255CA1F232F8A2300A230AF /* Debug */ = {
			isa = XCBuildConfiguration;
			baseConfigurationReference = 35C4C097824F5A32B5434DAE /* Pods-BasePods-AppMac.debug.xcconfig */;
			buildSettings = {
				ASSETCATALOG_COMPILER_APPICON_NAME = AppIcon;
				CODE_SIGN_ENTITLEMENTS = AppMac/AppMac.entitlements;
				CODE_SIGN_STYLE = Automatic;
				COMBINE_HIDPI_IMAGES = YES;
				DEVELOPMENT_TEAM = 22DR89XVRF;
				INFOPLIST_FILE = "$(SRCROOT)/AppMac/Info.plist";
				LD_RUNPATH_SEARCH_PATHS = (
					"$(inherited)",
					"@executable_path/../Frameworks",
				);
				PRODUCT_BUNDLE_IDENTIFIER = neoneye.AppMac;
				PRODUCT_NAME = Snake;
				SWIFT_VERSION = 5.0;
			};
			name = Debug;
		};
		4255CA20232F8A2300A230AF /* Release */ = {
			isa = XCBuildConfiguration;
			baseConfigurationReference = 9EC295C3AED460279791ACB7 /* Pods-BasePods-AppMac.release.xcconfig */;
			buildSettings = {
				ASSETCATALOG_COMPILER_APPICON_NAME = AppIcon;
				CODE_SIGN_ENTITLEMENTS = AppMac/AppMac.entitlements;
				CODE_SIGN_STYLE = Automatic;
				COMBINE_HIDPI_IMAGES = YES;
				DEVELOPMENT_TEAM = 22DR89XVRF;
				INFOPLIST_FILE = "$(SRCROOT)/AppMac/Info.plist";
				LD_RUNPATH_SEARCH_PATHS = (
					"$(inherited)",
					"@executable_path/../Frameworks",
				);
				PRODUCT_BUNDLE_IDENTIFIER = neoneye.AppMac;
				PRODUCT_NAME = Snake;
				SWIFT_VERSION = 5.0;
			};
			name = Release;
		};
/* End XCBuildConfiguration section */

/* Begin XCConfigurationList section */
		4255C9DF232F703E00A230AF /* Build configuration list for PBXProject "SnakeGame" */ = {
			isa = XCConfigurationList;
			buildConfigurations = (
				4255C9F7232F703E00A230AF /* Debug */,
				4255C9F8232F703E00A230AF /* Release */,
			);
			defaultConfigurationIsVisible = 0;
			defaultConfigurationName = Release;
		};
		4255C9F9232F703E00A230AF /* Build configuration list for PBXNativeTarget "SnakeGame" */ = {
			isa = XCConfigurationList;
			buildConfigurations = (
				4255C9FA232F703E00A230AF /* Debug */,
				4255C9FB232F703E00A230AF /* Release */,
			);
			defaultConfigurationIsVisible = 0;
			defaultConfigurationName = Release;
		};
		4255C9FC232F703E00A230AF /* Build configuration list for PBXNativeTarget "SnakeGameTests" */ = {
			isa = XCConfigurationList;
			buildConfigurations = (
				4255C9FD232F703E00A230AF /* Debug */,
				4255C9FE232F703E00A230AF /* Release */,
			);
			defaultConfigurationIsVisible = 0;
			defaultConfigurationName = Release;
		};
		4255CA1E232F8A2300A230AF /* Build configuration list for PBXNativeTarget "AppMac" */ = {
			isa = XCConfigurationList;
			buildConfigurations = (
				4255CA1F232F8A2300A230AF /* Debug */,
				4255CA20232F8A2300A230AF /* Release */,
			);
			defaultConfigurationIsVisible = 0;
			defaultConfigurationName = Release;
		};
/* End XCConfigurationList section */
	};
	rootObject = 4255C9DC232F703E00A230AF /* Project object */;
}
