PODS:
  - SSEventFlow (1.2.0)
  - SwiftCSV (0.5.5)
  - SwiftProtobuf (1.8.0)
  - SwiftyBeaver (1.8.4)

DEPENDENCIES:
  - SSEventFlow (from `https://github.com/neoneye/SSEventFlow.git`, commit `f81413764a7cece32e5ffb1601a41f31884c1f88`)
  - SwiftCSV (from `https://github.com/swiftcsv/SwiftCSV.git`, commit `22dc4dd1272e990da64ea87a8bc84bb606eb177e`)
  - SwiftProtobuf (from `https://github.com/apple/swift-protobuf.git`, commit `d596aaf6568ff26285679e769769660a8b03b801`)
  - SwiftyBeaver (from `https://github.com/SwiftyBeaver/SwiftyBeaver.git`, commit `99057ecb615e7bb3145f68b8fdf85af1c8ae4af5`)

EXTERNAL SOURCES:
  SSEventFlow:
    :commit: f81413764a7cece32e5ffb1601a41f31884c1f88
    :git: https://github.com/neoneye/SSEventFlow.git
  SwiftCSV:
    :commit: 22dc4dd1272e990da64ea87a8bc84bb606eb177e
    :git: https://github.com/swiftcsv/SwiftCSV.git
  SwiftProtobuf:
    :commit: d596aaf6568ff26285679e769769660a8b03b801
    :git: https://github.com/apple/swift-protobuf.git
  SwiftyBeaver:
    :commit: 99057ecb615e7bb3145f68b8fdf85af1c8ae4af5
    :git: https://github.com/SwiftyBeaver/SwiftyBeaver.git

CHECKOUT OPTIONS:
  SSEventFlow:
    :commit: f81413764a7cece32e5ffb1601a41f31884c1f88
    :git: https://github.com/neoneye/SSEventFlow.git
  SwiftCSV:
    :commit: 22dc4dd1272e990da64ea87a8bc84bb606eb177e
    :git: https://github.com/swiftcsv/SwiftCSV.git
  SwiftProtobuf:
    :commit: d596aaf6568ff26285679e769769660a8b03b801
    :git: https://github.com/apple/swift-protobuf.git
  SwiftyBeaver:
    :commit: 99057ecb615e7bb3145f68b8fdf85af1c8ae4af5
    :git: https://github.com/SwiftyBeaver/SwiftyBeaver.git

SPEC CHECKSUMS:
  SSEventFlow: bd55cd210324b598180475df633a90e56f52f3c2
  SwiftCSV: 664cb23fd6a2fe98b0bcfde5e9f5afe781217f0c
  SwiftProtobuf: 2cbd9409689b7df170d82a92a33443c8e3e14a70
  SwiftyBeaver: f9a9aba96a6a6166e21682377804d728b0d20b95

PODFILE CHECKSUM: 3075d61340b9f59d8aedb97d8f5eef52e2c184b8

COCOAPODS: 1.8.4
